{
    "version": 3,
    "terraform_version": "0.7.5",
    "serial": 42,
    "lineage": "e0ac5b57-153e-475c-b12e-78a9aade0095",
    "modules": [
        {
            "path": [
                "root"
            ],
            "outputs": {},
            "resources": {
                "null_resource.master": {
                    "type": "null_resource",
                    "depends_on": [
                        "openstack_compute_instance_v2.kube-master",
                        "openstack_compute_instance_v2.kube-master",
                        "openstack_compute_instance_v2.kube-master"
                    ],
                    "primary": {
                        "id": "6081105652012230521",
                        "attributes": {
                            "id": "6081105652012230521"
                        },
                        "meta": {},
                        "tainted": false
                    },
                    "deposed": [],
                    "provider": ""
                },
                "null_resource.overlay": {
                    "type": "null_resource",
                    "depends_on": [
                        "null_resource.worker",
                        "openstack_compute_instance_v2.kube-master",
                        "openstack_compute_instance_v2.kube-master",
                        "openstack_compute_instance_v2.kube-master",
                        "openstack_compute_instance_v2.kube-master"
                    ],
                    "primary": {
                        "id": "7155660189768235204",
                        "attributes": {
                            "id": "7155660189768235204"
                        },
                        "meta": {},
                        "tainted": false
                    },
                    "deposed": [],
                    "provider": ""
                },
                "null_resource.worker.0": {
                    "type": "null_resource",
                    "depends_on": [
                        "openstack_compute_instance_v2.kube-master",
                        "openstack_compute_instance_v2.kube-master",
                        "openstack_compute_instance_v2.kube-master",
                        "openstack_compute_instance_v2.kube-worker",
                        "openstack_compute_instance_v2.kube-worker",
                        "openstack_compute_instance_v2.kube-worker"
                    ],
                    "primary": {
                        "id": "4646493602408110517",
                        "attributes": {
                            "id": "4646493602408110517"
                        },
                        "meta": {},
                        "tainted": false
                    },
                    "deposed": [],
                    "provider": ""
                },
                "null_resource.worker.1": {
                    "type": "null_resource",
                    "depends_on": [
                        "openstack_compute_instance_v2.kube-master",
                        "openstack_compute_instance_v2.kube-master",
                        "openstack_compute_instance_v2.kube-master",
                        "openstack_compute_instance_v2.kube-worker",
                        "openstack_compute_instance_v2.kube-worker",
                        "openstack_compute_instance_v2.kube-worker"
                    ],
                    "primary": {
                        "id": "5635023448365975065",
                        "attributes": {
                            "id": "5635023448365975065"
                        },
                        "meta": {},
                        "tainted": false
                    },
                    "deposed": [],
                    "provider": ""
                },
                "openstack_compute_floatingip_v2.fip": {
                    "type": "openstack_compute_floatingip_v2",
                    "depends_on": [],
                    "primary": {
                        "id": "41960b94-bf28-4de5-ab04-d26282500317",
                        "attributes": {
                            "address": "208.90.61.57",
                            "fixed_ip": "",
                            "id": "41960b94-bf28-4de5-ab04-d26282500317",
                            "instance_id": "",
                            "pool": "PUBLIC DO NOT MODIFY",
                            "region": "RegionOne"
                        },
                        "meta": {},
                        "tainted": false
                    },
                    "deposed": [],
                    "provider": ""
                },
                "openstack_compute_instance_v2.kube-master": {
                    "type": "openstack_compute_instance_v2",
                    "depends_on": [
                        "openstack_compute_floatingip_v2.fip"
                    ],
                    "primary": {
                        "id": "89b3e958-b800-400c-be4a-959b7a375862",
                        "attributes": {
                            "access_ip_v4": "10.106.0.237",
                            "access_ip_v6": "",
                            "flavor_id": "e2f19640-e1f7-4165-b4a8-6bb4213520ee",
                            "flavor_name": "m1.large",
                            "id": "89b3e958-b800-400c-be4a-959b7a375862",
                            "image_id": "e7032c2d-fb78-45f7-ba60-d9011d4ec1f6",
                            "image_name": "kube-ubuntu-1476298575",
                            "key_pair": "t5",
                            "metadata.%": "1",
                            "metadata.kube_role": "master",
                            "name": "vkube-master01",
                            "network.#": "1",
                            "network.0.access_network": "false",
                            "network.0.fixed_ip_v4": "10.106.0.237",
                            "network.0.fixed_ip_v6": "",
                            "network.0.floating_ip": "208.90.61.57",
                            "network.0.mac": "fa:16:3e:68:b9:5e",
                            "network.0.name": "pipeline",
                            "network.0.port": "",
                            "network.0.uuid": "b0c2ce4c-d706-4094-b7fb-243ddeada563",
                            "region": "RegionOne",
                            "security_groups.#": "1",
                            "security_groups.3814588639": "default",
                            "stop_before_destroy": "false",
                            "volume.#": "0"
                        },
                        "meta": {},
                        "tainted": false
                    },
                    "deposed": [],
                    "provider": ""
                },
                "openstack_compute_instance_v2.kube-worker.0": {
                    "type": "openstack_compute_instance_v2",
                    "depends_on": [
                        "null_resource.master",
                        "openstack_compute_instance_v2.kube-master"
                    ],
                    "primary": {
                        "id": "00f405f3-e3c4-4d1f-91ea-b8f8b3575be7",
                        "attributes": {
                            "access_ip_v4": "10.106.0.238",
                            "access_ip_v6": "",
                            "flavor_id": "e2f19640-e1f7-4165-b4a8-6bb4213520ee",
                            "flavor_name": "m1.large",
                            "id": "00f405f3-e3c4-4d1f-91ea-b8f8b3575be7",
                            "image_id": "e7032c2d-fb78-45f7-ba60-d9011d4ec1f6",
                            "image_name": "kube-ubuntu-1476298575",
                            "key_pair": "t5",
                            "metadata.%": "1",
                            "metadata.kube_role": "minion",
                            "name": "vkube-worker01",
                            "network.#": "1",
                            "network.0.access_network": "false",
                            "network.0.fixed_ip_v4": "10.106.0.238",
                            "network.0.fixed_ip_v6": "",
                            "network.0.floating_ip": "",
                            "network.0.mac": "fa:16:3e:db:f7:69",
                            "network.0.name": "pipeline",
                            "network.0.port": "",
                            "network.0.uuid": "b0c2ce4c-d706-4094-b7fb-243ddeada563",
                            "region": "RegionOne",
                            "security_groups.#": "1",
                            "security_groups.3814588639": "default",
                            "stop_before_destroy": "false",
                            "volume.#": "0"
                        },
                        "meta": {},
                        "tainted": false
                    },
                    "deposed": [],
                    "provider": ""
                },
                "openstack_compute_instance_v2.kube-worker.1": {
                    "type": "openstack_compute_instance_v2",
                    "depends_on": [
                        "null_resource.master",
                        "openstack_compute_instance_v2.kube-master"
                    ],
                    "primary": {
                        "id": "3456b803-b03d-4d6d-a9d6-52339286473d",
                        "attributes": {
                            "access_ip_v4": "10.106.0.239",
                            "access_ip_v6": "",
                            "flavor_id": "e2f19640-e1f7-4165-b4a8-6bb4213520ee",
                            "flavor_name": "m1.large",
                            "id": "3456b803-b03d-4d6d-a9d6-52339286473d",
                            "image_id": "e7032c2d-fb78-45f7-ba60-d9011d4ec1f6",
                            "image_name": "kube-ubuntu-1476298575",
                            "key_pair": "t5",
                            "metadata.%": "1",
                            "metadata.kube_role": "minion",
                            "name": "vkube-worker02",
                            "network.#": "1",
                            "network.0.access_network": "false",
                            "network.0.fixed_ip_v4": "10.106.0.239",
                            "network.0.fixed_ip_v6": "",
                            "network.0.floating_ip": "",
                            "network.0.mac": "fa:16:3e:71:e9:c5",
                            "network.0.name": "pipeline",
                            "network.0.port": "",
                            "network.0.uuid": "b0c2ce4c-d706-4094-b7fb-243ddeada563",
                            "region": "RegionOne",
                            "security_groups.#": "1",
                            "security_groups.3814588639": "default",
                            "stop_before_destroy": "false",
                            "volume.#": "0"
                        },
                        "meta": {},
                        "tainted": false
                    },
                    "deposed": [],
                    "provider": ""
                }
            },
            "depends_on": []
        }
    ]
}
