{
    "version": 3,
    "terraform_version": "0.7.5",
    "serial": 1,
    "lineage": "94a19ae5-dfdd-483f-b7bf-bdfb255bbc4f",
    "modules": [
        {
            "path": [
                "root"
            ],
            "outputs": {
                "cbr": {
                    "sensitive": false,
                    "type": "string",
                    "value": "# Add the Container bridge network interface\nauto cbr0\niface cbr0 inet static\n     address 10.201.0.0/24\npre-up brctl addbr cbr0\n\n# add routes to our other kubernetes nodes. something like:  \n# up route add -net 10.201.0.0/24 gw 10.106.1.144 dev ens3\n# this makes our routes persistent. \nup route add -net 10.201.0.0/24 gw 10.106.1.240 dev ens3\nup route add -net 10.201.1.0/24 gw 10.106.1.243 dev ens3\nup route add -net 10.201.2.0/24 gw 10.106.1.241 dev ens3\nup route add -net 10.201.3.0/24 gw 10.106.1.239 dev ens3\n"
                }
            },
            "resources": {
                "data.template_file.cbr0.0": {
                    "type": "template_file",
                    "depends_on": [
                        "openstack_compute_instance_v2.kube-worker",
                        "openstack_compute_instance_v2.kube-worker"
                    ],
                    "primary": {
                        "id": "1a824e0ab0597917998ee2f0141b4936c031434a42bec1600059220e7feda18c",
                        "attributes": {
                            "id": "1a824e0ab0597917998ee2f0141b4936c031434a42bec1600059220e7feda18c",
                            "rendered": "# Add the Container bridge network interface\nauto cbr0\niface cbr0 inet static\n     address 10.201.0.0/24\npre-up brctl addbr cbr0\n\n# add routes to our other kubernetes nodes. something like:  \n# up route add -net 10.201.0.0/24 gw 10.106.1.144 dev ens3\n# this makes our routes persistent. \nup route add -net 10.201.0.0/24 gw 10.106.1.240 dev ens3\nup route add -net 10.201.1.0/24 gw 10.106.1.243 dev ens3\nup route add -net 10.201.2.0/24 gw 10.106.1.241 dev ens3\nup route add -net 10.201.3.0/24 gw 10.106.1.239 dev ens3\n",
                            "template": "# Add the Container bridge network interface\nauto cbr0\niface cbr0 inet static\n     address ${docker_bridge}\npre-up brctl addbr cbr0\n\n# add routes to our other kubernetes nodes. something like:  \n# up route add -net 10.201.0.0/24 gw 10.106.1.144 dev ens3\n# this makes our routes persistent. \n${static_routes}\n",
                            "vars.%": "2",
                            "vars.docker_bridge": "10.201.0.0/24",
                            "vars.static_routes": "up route add -net 10.201.0.0/24 gw 10.106.1.240 dev ens3\nup route add -net 10.201.1.0/24 gw 10.106.1.243 dev ens3\nup route add -net 10.201.2.0/24 gw 10.106.1.241 dev ens3\nup route add -net 10.201.3.0/24 gw 10.106.1.239 dev ens3"
                        },
                        "meta": {},
                        "tainted": false
                    },
                    "deposed": [],
                    "provider": ""
                },
                "data.template_file.cbr0.1": {
                    "type": "template_file",
                    "depends_on": [
                        "openstack_compute_instance_v2.kube-worker",
                        "openstack_compute_instance_v2.kube-worker"
                    ],
                    "primary": {
                        "id": "19d3d54e6bb2e9c44b432bbc2c1ff2b0f840251b2e67b819f6d24f6e2cf67c03",
                        "attributes": {
                            "id": "19d3d54e6bb2e9c44b432bbc2c1ff2b0f840251b2e67b819f6d24f6e2cf67c03",
                            "rendered": "# Add the Container bridge network interface\nauto cbr0\niface cbr0 inet static\n     address 10.201.1.0/24\npre-up brctl addbr cbr0\n\n# add routes to our other kubernetes nodes. something like:  \n# up route add -net 10.201.0.0/24 gw 10.106.1.144 dev ens3\n# this makes our routes persistent. \nup route add -net 10.201.0.0/24 gw 10.106.1.240 dev ens3\nup route add -net 10.201.1.0/24 gw 10.106.1.243 dev ens3\nup route add -net 10.201.2.0/24 gw 10.106.1.241 dev ens3\nup route add -net 10.201.3.0/24 gw 10.106.1.239 dev ens3\n",
                            "template": "# Add the Container bridge network interface\nauto cbr0\niface cbr0 inet static\n     address ${docker_bridge}\npre-up brctl addbr cbr0\n\n# add routes to our other kubernetes nodes. something like:  \n# up route add -net 10.201.0.0/24 gw 10.106.1.144 dev ens3\n# this makes our routes persistent. \n${static_routes}\n",
                            "vars.%": "2",
                            "vars.docker_bridge": "10.201.1.0/24",
                            "vars.static_routes": "up route add -net 10.201.0.0/24 gw 10.106.1.240 dev ens3\nup route add -net 10.201.1.0/24 gw 10.106.1.243 dev ens3\nup route add -net 10.201.2.0/24 gw 10.106.1.241 dev ens3\nup route add -net 10.201.3.0/24 gw 10.106.1.239 dev ens3"
                        },
                        "meta": {},
                        "tainted": false
                    },
                    "deposed": [],
                    "provider": ""
                },
                "data.template_file.cbr0.2": {
                    "type": "template_file",
                    "depends_on": [
                        "openstack_compute_instance_v2.kube-worker",
                        "openstack_compute_instance_v2.kube-worker"
                    ],
                    "primary": {
                        "id": "74b2fa88323aa89ac5b6e2198b93042afbd8e38892e956062ea51bc6f4e18e7c",
                        "attributes": {
                            "id": "74b2fa88323aa89ac5b6e2198b93042afbd8e38892e956062ea51bc6f4e18e7c",
                            "rendered": "# Add the Container bridge network interface\nauto cbr0\niface cbr0 inet static\n     address 10.201.2.0/24\npre-up brctl addbr cbr0\n\n# add routes to our other kubernetes nodes. something like:  \n# up route add -net 10.201.0.0/24 gw 10.106.1.144 dev ens3\n# this makes our routes persistent. \nup route add -net 10.201.0.0/24 gw 10.106.1.240 dev ens3\nup route add -net 10.201.1.0/24 gw 10.106.1.243 dev ens3\nup route add -net 10.201.2.0/24 gw 10.106.1.241 dev ens3\nup route add -net 10.201.3.0/24 gw 10.106.1.239 dev ens3\n",
                            "template": "# Add the Container bridge network interface\nauto cbr0\niface cbr0 inet static\n     address ${docker_bridge}\npre-up brctl addbr cbr0\n\n# add routes to our other kubernetes nodes. something like:  \n# up route add -net 10.201.0.0/24 gw 10.106.1.144 dev ens3\n# this makes our routes persistent. \n${static_routes}\n",
                            "vars.%": "2",
                            "vars.docker_bridge": "10.201.2.0/24",
                            "vars.static_routes": "up route add -net 10.201.0.0/24 gw 10.106.1.240 dev ens3\nup route add -net 10.201.1.0/24 gw 10.106.1.243 dev ens3\nup route add -net 10.201.2.0/24 gw 10.106.1.241 dev ens3\nup route add -net 10.201.3.0/24 gw 10.106.1.239 dev ens3"
                        },
                        "meta": {},
                        "tainted": false
                    },
                    "deposed": [],
                    "provider": ""
                },
                "data.template_file.cbr0.3": {
                    "type": "template_file",
                    "depends_on": [
                        "openstack_compute_instance_v2.kube-worker",
                        "openstack_compute_instance_v2.kube-worker"
                    ],
                    "primary": {
                        "id": "2351bc56c2b930aa3322b316b69adc42f3eacdd825ccb973d0264301bbbf1853",
                        "attributes": {
                            "id": "2351bc56c2b930aa3322b316b69adc42f3eacdd825ccb973d0264301bbbf1853",
                            "rendered": "# Add the Container bridge network interface\nauto cbr0\niface cbr0 inet static\n     address 10.201.3.0/24\npre-up brctl addbr cbr0\n\n# add routes to our other kubernetes nodes. something like:  \n# up route add -net 10.201.0.0/24 gw 10.106.1.144 dev ens3\n# this makes our routes persistent. \nup route add -net 10.201.0.0/24 gw 10.106.1.240 dev ens3\nup route add -net 10.201.1.0/24 gw 10.106.1.243 dev ens3\nup route add -net 10.201.2.0/24 gw 10.106.1.241 dev ens3\nup route add -net 10.201.3.0/24 gw 10.106.1.239 dev ens3\n",
                            "template": "# Add the Container bridge network interface\nauto cbr0\niface cbr0 inet static\n     address ${docker_bridge}\npre-up brctl addbr cbr0\n\n# add routes to our other kubernetes nodes. something like:  \n# up route add -net 10.201.0.0/24 gw 10.106.1.144 dev ens3\n# this makes our routes persistent. \n${static_routes}\n",
                            "vars.%": "2",
                            "vars.docker_bridge": "10.201.3.0/24",
                            "vars.static_routes": "up route add -net 10.201.0.0/24 gw 10.106.1.240 dev ens3\nup route add -net 10.201.1.0/24 gw 10.106.1.243 dev ens3\nup route add -net 10.201.2.0/24 gw 10.106.1.241 dev ens3\nup route add -net 10.201.3.0/24 gw 10.106.1.239 dev ens3"
                        },
                        "meta": {},
                        "tainted": false
                    },
                    "deposed": [],
                    "provider": ""
                },
                "data.template_file.etcd.0": {
                    "type": "template_file",
                    "depends_on": [
                        "openstack_compute_instance_v2.kube-master",
                        "openstack_compute_instance_v2.kube-master"
                    ],
                    "primary": {
                        "id": "a872d21bf892efc03b80a741a2bd831567fcc3c5284921eb9b0e9f1fe4050d8f",
                        "attributes": {
                            "id": "a872d21bf892efc03b80a741a2bd831567fcc3c5284921eb9b0e9f1fe4050d8f",
                            "rendered": "[Unit]\nDescription=etcd\nDocumentation=https://github.com/coreos\n\n[Service]\nExecStart=/usr/bin/etcd --name kube-controller01 --cert-file=/etc/etcd/kubernetes.pem --key-file=/etc/etcd/kubernetes-key.pem --peer-cert-file=/etc/etcd/kubernetes.pem --peer-key-file=/etc/etcd/kubernetes-key.pem --trusted-ca-file=/etc/etcd/ca.pem --peer-trusted-ca-file=/etc/etcd/ca.pem --initial-advertise-peer-urls https://10.106.1.242:2380 --listen-peer-urls https://10.106.1.242:2380   --listen-client-urls https://10.106.1.242:2379,http://127.0.0.1:2379   --advertise-client-urls https://10.106.1.242:2379 --initial-cluster-token etcd-cluster-0 --initial-cluster kube-controller01=https://10.106.1.242:2380,kube-controller02=https://10.106.1.238:2380,kube-controller03=https://10.106.1.244:2380 --initial-cluster-state new --data-dir=/var/lib/etcd  \nRestart=on-failure\nRestartSec=5\n\n[Install]\nWantedBy=multi-user.target\n",
                            "template": "[Unit]\nDescription=etcd\nDocumentation=https://github.com/coreos\n\n[Service]\nExecStart=/usr/bin/etcd --name ${hostname} --cert-file=/etc/etcd/kubernetes.pem --key-file=/etc/etcd/kubernetes-key.pem --peer-cert-file=/etc/etcd/kubernetes.pem --peer-key-file=/etc/etcd/kubernetes-key.pem --trusted-ca-file=/etc/etcd/ca.pem --peer-trusted-ca-file=/etc/etcd/ca.pem --initial-advertise-peer-urls https://${hostip}:2380 --listen-peer-urls https://${hostip}:2380   --listen-client-urls https://${hostip}:2379,http://127.0.0.1:2379   --advertise-client-urls https://${hostip}:2379 --initial-cluster-token etcd-cluster-0 --initial-cluster ${cluster} --initial-cluster-state new --data-dir=/var/lib/etcd  \nRestart=on-failure\nRestartSec=5\n\n[Install]\nWantedBy=multi-user.target\n",
                            "vars.%": "3",
                            "vars.cluster": "kube-controller01=https://10.106.1.242:2380,kube-controller02=https://10.106.1.238:2380,kube-controller03=https://10.106.1.244:2380",
                            "vars.hostip": "10.106.1.242",
                            "vars.hostname": "kube-controller01"
                        },
                        "meta": {},
                        "tainted": false
                    },
                    "deposed": [],
                    "provider": ""
                },
                "data.template_file.etcd.1": {
                    "type": "template_file",
                    "depends_on": [
                        "openstack_compute_instance_v2.kube-master",
                        "openstack_compute_instance_v2.kube-master"
                    ],
                    "primary": {
                        "id": "88f49d9b32a1afb36c5cc5ab43455fd120fc7c2b22eee37e284a7bc7074c8046",
                        "attributes": {
                            "id": "88f49d9b32a1afb36c5cc5ab43455fd120fc7c2b22eee37e284a7bc7074c8046",
                            "rendered": "[Unit]\nDescription=etcd\nDocumentation=https://github.com/coreos\n\n[Service]\nExecStart=/usr/bin/etcd --name kube-controller02 --cert-file=/etc/etcd/kubernetes.pem --key-file=/etc/etcd/kubernetes-key.pem --peer-cert-file=/etc/etcd/kubernetes.pem --peer-key-file=/etc/etcd/kubernetes-key.pem --trusted-ca-file=/etc/etcd/ca.pem --peer-trusted-ca-file=/etc/etcd/ca.pem --initial-advertise-peer-urls https://10.106.1.238:2380 --listen-peer-urls https://10.106.1.238:2380   --listen-client-urls https://10.106.1.238:2379,http://127.0.0.1:2379   --advertise-client-urls https://10.106.1.238:2379 --initial-cluster-token etcd-cluster-0 --initial-cluster kube-controller01=https://10.106.1.242:2380,kube-controller02=https://10.106.1.238:2380,kube-controller03=https://10.106.1.244:2380 --initial-cluster-state new --data-dir=/var/lib/etcd  \nRestart=on-failure\nRestartSec=5\n\n[Install]\nWantedBy=multi-user.target\n",
                            "template": "[Unit]\nDescription=etcd\nDocumentation=https://github.com/coreos\n\n[Service]\nExecStart=/usr/bin/etcd --name ${hostname} --cert-file=/etc/etcd/kubernetes.pem --key-file=/etc/etcd/kubernetes-key.pem --peer-cert-file=/etc/etcd/kubernetes.pem --peer-key-file=/etc/etcd/kubernetes-key.pem --trusted-ca-file=/etc/etcd/ca.pem --peer-trusted-ca-file=/etc/etcd/ca.pem --initial-advertise-peer-urls https://${hostip}:2380 --listen-peer-urls https://${hostip}:2380   --listen-client-urls https://${hostip}:2379,http://127.0.0.1:2379   --advertise-client-urls https://${hostip}:2379 --initial-cluster-token etcd-cluster-0 --initial-cluster ${cluster} --initial-cluster-state new --data-dir=/var/lib/etcd  \nRestart=on-failure\nRestartSec=5\n\n[Install]\nWantedBy=multi-user.target\n",
                            "vars.%": "3",
                            "vars.cluster": "kube-controller01=https://10.106.1.242:2380,kube-controller02=https://10.106.1.238:2380,kube-controller03=https://10.106.1.244:2380",
                            "vars.hostip": "10.106.1.238",
                            "vars.hostname": "kube-controller02"
                        },
                        "meta": {},
                        "tainted": false
                    },
                    "deposed": [],
                    "provider": ""
                },
                "data.template_file.etcd.2": {
                    "type": "template_file",
                    "depends_on": [
                        "openstack_compute_instance_v2.kube-master",
                        "openstack_compute_instance_v2.kube-master"
                    ],
                    "primary": {
                        "id": "71f975f31fae0470dab0b25aa306bf604014e5be45b92b7269caaec0b8cdc7d3",
                        "attributes": {
                            "id": "71f975f31fae0470dab0b25aa306bf604014e5be45b92b7269caaec0b8cdc7d3",
                            "rendered": "[Unit]\nDescription=etcd\nDocumentation=https://github.com/coreos\n\n[Service]\nExecStart=/usr/bin/etcd --name kube-controller03 --cert-file=/etc/etcd/kubernetes.pem --key-file=/etc/etcd/kubernetes-key.pem --peer-cert-file=/etc/etcd/kubernetes.pem --peer-key-file=/etc/etcd/kubernetes-key.pem --trusted-ca-file=/etc/etcd/ca.pem --peer-trusted-ca-file=/etc/etcd/ca.pem --initial-advertise-peer-urls https://10.106.1.244:2380 --listen-peer-urls https://10.106.1.244:2380   --listen-client-urls https://10.106.1.244:2379,http://127.0.0.1:2379   --advertise-client-urls https://10.106.1.244:2379 --initial-cluster-token etcd-cluster-0 --initial-cluster kube-controller01=https://10.106.1.242:2380,kube-controller02=https://10.106.1.238:2380,kube-controller03=https://10.106.1.244:2380 --initial-cluster-state new --data-dir=/var/lib/etcd  \nRestart=on-failure\nRestartSec=5\n\n[Install]\nWantedBy=multi-user.target\n",
                            "template": "[Unit]\nDescription=etcd\nDocumentation=https://github.com/coreos\n\n[Service]\nExecStart=/usr/bin/etcd --name ${hostname} --cert-file=/etc/etcd/kubernetes.pem --key-file=/etc/etcd/kubernetes-key.pem --peer-cert-file=/etc/etcd/kubernetes.pem --peer-key-file=/etc/etcd/kubernetes-key.pem --trusted-ca-file=/etc/etcd/ca.pem --peer-trusted-ca-file=/etc/etcd/ca.pem --initial-advertise-peer-urls https://${hostip}:2380 --listen-peer-urls https://${hostip}:2380   --listen-client-urls https://${hostip}:2379,http://127.0.0.1:2379   --advertise-client-urls https://${hostip}:2379 --initial-cluster-token etcd-cluster-0 --initial-cluster ${cluster} --initial-cluster-state new --data-dir=/var/lib/etcd  \nRestart=on-failure\nRestartSec=5\n\n[Install]\nWantedBy=multi-user.target\n",
                            "vars.%": "3",
                            "vars.cluster": "kube-controller01=https://10.106.1.242:2380,kube-controller02=https://10.106.1.238:2380,kube-controller03=https://10.106.1.244:2380",
                            "vars.hostip": "10.106.1.244",
                            "vars.hostname": "kube-controller03"
                        },
                        "meta": {},
                        "tainted": false
                    },
                    "deposed": [],
                    "provider": ""
                },
                "data.template_file.kube-apiserver.0": {
                    "type": "template_file",
                    "depends_on": [
                        "openstack_compute_instance_v2.kube-master",
                        "openstack_compute_instance_v2.kube-master"
                    ],
                    "primary": {
                        "id": "ec65bd246a80f44e414018004d5aa676fa8642c30afb2dd2b34016db2779795b",
                        "attributes": {
                            "id": "ec65bd246a80f44e414018004d5aa676fa8642c30afb2dd2b34016db2779795b",
                            "rendered": "[Unit]\nDescription=Kubernetes API Server\nDocumentation=https://github.com/GoogleCloudPlatform/kubernetes\n\n[Service]\nExecStart=/usr/bin/kube-apiserver --admission-control=NamespaceLifecycle,LimitRanger,SecurityContextDeny,ServiceAccount,ResourceQuota --advertise-address=10.106.1.242 --allow-privileged=true --apiserver-count=3 --authorization-mode=ABAC --authorization-policy-file=/var/lib/kubernetes/authorization-policy.jsonl --bind-address=0.0.0.0 --enable-swagger-ui=true --etcd-cafile=/var/lib/kubernetes/ca.pem --insecure-bind-address=0.0.0.0 --kubelet-certificate-authority=/var/lib/kubernetes/ca.pem --etcd-servers=https://10.106.1.242:2379,https://10.106.1.238:2379,https://10.106.1.244:2379 --service-account-key-file=/var/lib/kubernetes/kubernetes-key.pem --service-cluster-ip-range=10.32.0.0/24 --service-node-port-range=30000-32767 --tls-cert-file=/var/lib/kubernetes/kubernetes.pem --tls-private-key-file=/var/lib/kubernetes/kubernetes-key.pem --token-auth-file=/var/lib/kubernetes/token.csv -v=2\nRestart=on-failure\nRestartSec=5\n\n[Install]\nWantedBy=multi-user.target\n",
                            "template": "[Unit]\nDescription=Kubernetes API Server\nDocumentation=https://github.com/GoogleCloudPlatform/kubernetes\n\n[Service]\nExecStart=/usr/bin/kube-apiserver --admission-control=NamespaceLifecycle,LimitRanger,SecurityContextDeny,ServiceAccount,ResourceQuota --advertise-address=${hostip} --allow-privileged=true --apiserver-count=${count} --authorization-mode=ABAC --authorization-policy-file=/var/lib/kubernetes/authorization-policy.jsonl --bind-address=0.0.0.0 --enable-swagger-ui=true --etcd-cafile=/var/lib/kubernetes/ca.pem --insecure-bind-address=0.0.0.0 --kubelet-certificate-authority=/var/lib/kubernetes/ca.pem --etcd-servers=${cluster} --service-account-key-file=/var/lib/kubernetes/kubernetes-key.pem --service-cluster-ip-range=${service_cluster_ip_range} --service-node-port-range=${service_port_range} --tls-cert-file=/var/lib/kubernetes/kubernetes.pem --tls-private-key-file=/var/lib/kubernetes/kubernetes-key.pem --token-auth-file=/var/lib/kubernetes/token.csv -v=2\nRestart=on-failure\nRestartSec=5\n\n[Install]\nWantedBy=multi-user.target\n",
                            "vars.%": "6",
                            "vars.cluster": "https://10.106.1.242:2379,https://10.106.1.238:2379,https://10.106.1.244:2379",
                            "vars.count": "3",
                            "vars.hostip": "10.106.1.242",
                            "vars.hostname": "kube-controller01",
                            "vars.service_cluster_ip_range": "10.32.0.0/24",
                            "vars.service_port_range": "30000-32767"
                        },
                        "meta": {},
                        "tainted": false
                    },
                    "deposed": [],
                    "provider": ""
                },
                "data.template_file.kube-apiserver.1": {
                    "type": "template_file",
                    "depends_on": [
                        "openstack_compute_instance_v2.kube-master",
                        "openstack_compute_instance_v2.kube-master"
                    ],
                    "primary": {
                        "id": "3ce122efb0cfd45fa37c8ec049bdc02c7075ee9bdff12025ea5e8744b4ba0d97",
                        "attributes": {
                            "id": "3ce122efb0cfd45fa37c8ec049bdc02c7075ee9bdff12025ea5e8744b4ba0d97",
                            "rendered": "[Unit]\nDescription=Kubernetes API Server\nDocumentation=https://github.com/GoogleCloudPlatform/kubernetes\n\n[Service]\nExecStart=/usr/bin/kube-apiserver --admission-control=NamespaceLifecycle,LimitRanger,SecurityContextDeny,ServiceAccount,ResourceQuota --advertise-address=10.106.1.238 --allow-privileged=true --apiserver-count=3 --authorization-mode=ABAC --authorization-policy-file=/var/lib/kubernetes/authorization-policy.jsonl --bind-address=0.0.0.0 --enable-swagger-ui=true --etcd-cafile=/var/lib/kubernetes/ca.pem --insecure-bind-address=0.0.0.0 --kubelet-certificate-authority=/var/lib/kubernetes/ca.pem --etcd-servers=https://10.106.1.242:2379,https://10.106.1.238:2379,https://10.106.1.244:2379 --service-account-key-file=/var/lib/kubernetes/kubernetes-key.pem --service-cluster-ip-range=10.32.0.0/24 --service-node-port-range=30000-32767 --tls-cert-file=/var/lib/kubernetes/kubernetes.pem --tls-private-key-file=/var/lib/kubernetes/kubernetes-key.pem --token-auth-file=/var/lib/kubernetes/token.csv -v=2\nRestart=on-failure\nRestartSec=5\n\n[Install]\nWantedBy=multi-user.target\n",
                            "template": "[Unit]\nDescription=Kubernetes API Server\nDocumentation=https://github.com/GoogleCloudPlatform/kubernetes\n\n[Service]\nExecStart=/usr/bin/kube-apiserver --admission-control=NamespaceLifecycle,LimitRanger,SecurityContextDeny,ServiceAccount,ResourceQuota --advertise-address=${hostip} --allow-privileged=true --apiserver-count=${count} --authorization-mode=ABAC --authorization-policy-file=/var/lib/kubernetes/authorization-policy.jsonl --bind-address=0.0.0.0 --enable-swagger-ui=true --etcd-cafile=/var/lib/kubernetes/ca.pem --insecure-bind-address=0.0.0.0 --kubelet-certificate-authority=/var/lib/kubernetes/ca.pem --etcd-servers=${cluster} --service-account-key-file=/var/lib/kubernetes/kubernetes-key.pem --service-cluster-ip-range=${service_cluster_ip_range} --service-node-port-range=${service_port_range} --tls-cert-file=/var/lib/kubernetes/kubernetes.pem --tls-private-key-file=/var/lib/kubernetes/kubernetes-key.pem --token-auth-file=/var/lib/kubernetes/token.csv -v=2\nRestart=on-failure\nRestartSec=5\n\n[Install]\nWantedBy=multi-user.target\n",
                            "vars.%": "6",
                            "vars.cluster": "https://10.106.1.242:2379,https://10.106.1.238:2379,https://10.106.1.244:2379",
                            "vars.count": "3",
                            "vars.hostip": "10.106.1.238",
                            "vars.hostname": "kube-controller02",
                            "vars.service_cluster_ip_range": "10.32.0.0/24",
                            "vars.service_port_range": "30000-32767"
                        },
                        "meta": {},
                        "tainted": false
                    },
                    "deposed": [],
                    "provider": ""
                },
                "data.template_file.kube-apiserver.2": {
                    "type": "template_file",
                    "depends_on": [
                        "openstack_compute_instance_v2.kube-master",
                        "openstack_compute_instance_v2.kube-master"
                    ],
                    "primary": {
                        "id": "297dc69f991f167faecfaf311af1a727774f8413afaa815331b4f0e2b23bd726",
                        "attributes": {
                            "id": "297dc69f991f167faecfaf311af1a727774f8413afaa815331b4f0e2b23bd726",
                            "rendered": "[Unit]\nDescription=Kubernetes API Server\nDocumentation=https://github.com/GoogleCloudPlatform/kubernetes\n\n[Service]\nExecStart=/usr/bin/kube-apiserver --admission-control=NamespaceLifecycle,LimitRanger,SecurityContextDeny,ServiceAccount,ResourceQuota --advertise-address=10.106.1.244 --allow-privileged=true --apiserver-count=3 --authorization-mode=ABAC --authorization-policy-file=/var/lib/kubernetes/authorization-policy.jsonl --bind-address=0.0.0.0 --enable-swagger-ui=true --etcd-cafile=/var/lib/kubernetes/ca.pem --insecure-bind-address=0.0.0.0 --kubelet-certificate-authority=/var/lib/kubernetes/ca.pem --etcd-servers=https://10.106.1.242:2379,https://10.106.1.238:2379,https://10.106.1.244:2379 --service-account-key-file=/var/lib/kubernetes/kubernetes-key.pem --service-cluster-ip-range=10.32.0.0/24 --service-node-port-range=30000-32767 --tls-cert-file=/var/lib/kubernetes/kubernetes.pem --tls-private-key-file=/var/lib/kubernetes/kubernetes-key.pem --token-auth-file=/var/lib/kubernetes/token.csv -v=2\nRestart=on-failure\nRestartSec=5\n\n[Install]\nWantedBy=multi-user.target\n",
                            "template": "[Unit]\nDescription=Kubernetes API Server\nDocumentation=https://github.com/GoogleCloudPlatform/kubernetes\n\n[Service]\nExecStart=/usr/bin/kube-apiserver --admission-control=NamespaceLifecycle,LimitRanger,SecurityContextDeny,ServiceAccount,ResourceQuota --advertise-address=${hostip} --allow-privileged=true --apiserver-count=${count} --authorization-mode=ABAC --authorization-policy-file=/var/lib/kubernetes/authorization-policy.jsonl --bind-address=0.0.0.0 --enable-swagger-ui=true --etcd-cafile=/var/lib/kubernetes/ca.pem --insecure-bind-address=0.0.0.0 --kubelet-certificate-authority=/var/lib/kubernetes/ca.pem --etcd-servers=${cluster} --service-account-key-file=/var/lib/kubernetes/kubernetes-key.pem --service-cluster-ip-range=${service_cluster_ip_range} --service-node-port-range=${service_port_range} --tls-cert-file=/var/lib/kubernetes/kubernetes.pem --tls-private-key-file=/var/lib/kubernetes/kubernetes-key.pem --token-auth-file=/var/lib/kubernetes/token.csv -v=2\nRestart=on-failure\nRestartSec=5\n\n[Install]\nWantedBy=multi-user.target\n",
                            "vars.%": "6",
                            "vars.cluster": "https://10.106.1.242:2379,https://10.106.1.238:2379,https://10.106.1.244:2379",
                            "vars.count": "3",
                            "vars.hostip": "10.106.1.244",
                            "vars.hostname": "kube-controller03",
                            "vars.service_cluster_ip_range": "10.32.0.0/24",
                            "vars.service_port_range": "30000-32767"
                        },
                        "meta": {},
                        "tainted": false
                    },
                    "deposed": [],
                    "provider": ""
                },
                "data.template_file.kube-controller-manager.0": {
                    "type": "template_file",
                    "depends_on": [
                        "openstack_compute_instance_v2.kube-master"
                    ],
                    "primary": {
                        "id": "f6c0f75d81c352c2cf30954c0940bb29ed76b713876a6f604845d684a6304320",
                        "attributes": {
                            "id": "f6c0f75d81c352c2cf30954c0940bb29ed76b713876a6f604845d684a6304320",
                            "rendered": "[Unit]\nDescription=Kubernetes Controller Manager\nDocumentation=https://github.com/GoogleCloudPlatform/kubernetes\n\n[Service]\nExecStart=/usr/bin/kube-controller-manager --allocate-node-cidrs=false --cluster-cidr=10.201.0.0/16 --cluster-name=mykubernetes --leader-elect=true --master=http://10.106.1.242:8080 --root-ca-file=/var/lib/kubernetes/ca.pem --service-account-private-key-file=/var/lib/kubernetes/kubernetes-key.pem --service-cluster-ip-range=10.32.0.0/24 --v=2\nRestart=on-failure\nRestartSec=5\n\n[Install]\nWantedBy=multi-user.target\n",
                            "template": "[Unit]\nDescription=Kubernetes Controller Manager\nDocumentation=https://github.com/GoogleCloudPlatform/kubernetes\n\n[Service]\nExecStart=/usr/bin/kube-controller-manager --allocate-node-cidrs=false --cluster-cidr=${cluster_cidr} --cluster-name=${cluster_name} --leader-elect=true --master=http://${hostip}:8080 --root-ca-file=/var/lib/kubernetes/ca.pem --service-account-private-key-file=/var/lib/kubernetes/kubernetes-key.pem --service-cluster-ip-range=${service_cluster_ip_range} --v=2\nRestart=on-failure\nRestartSec=5\n\n[Install]\nWantedBy=multi-user.target\n",
                            "vars.%": "4",
                            "vars.cluster_cidr": "10.201.0.0/16",
                            "vars.cluster_name": "mykubernetes",
                            "vars.hostip": "10.106.1.242",
                            "vars.service_cluster_ip_range": "10.32.0.0/24"
                        },
                        "meta": {},
                        "tainted": false
                    },
                    "deposed": [],
                    "provider": ""
                },
                "data.template_file.kube-controller-manager.1": {
                    "type": "template_file",
                    "depends_on": [
                        "openstack_compute_instance_v2.kube-master"
                    ],
                    "primary": {
                        "id": "0d1acdd1090e049590667012a898020e7787cb0eb79771eb46cdeff167e4b3dc",
                        "attributes": {
                            "id": "0d1acdd1090e049590667012a898020e7787cb0eb79771eb46cdeff167e4b3dc",
                            "rendered": "[Unit]\nDescription=Kubernetes Controller Manager\nDocumentation=https://github.com/GoogleCloudPlatform/kubernetes\n\n[Service]\nExecStart=/usr/bin/kube-controller-manager --allocate-node-cidrs=false --cluster-cidr=10.201.0.0/16 --cluster-name=mykubernetes --leader-elect=true --master=http://10.106.1.238:8080 --root-ca-file=/var/lib/kubernetes/ca.pem --service-account-private-key-file=/var/lib/kubernetes/kubernetes-key.pem --service-cluster-ip-range=10.32.0.0/24 --v=2\nRestart=on-failure\nRestartSec=5\n\n[Install]\nWantedBy=multi-user.target\n",
                            "template": "[Unit]\nDescription=Kubernetes Controller Manager\nDocumentation=https://github.com/GoogleCloudPlatform/kubernetes\n\n[Service]\nExecStart=/usr/bin/kube-controller-manager --allocate-node-cidrs=false --cluster-cidr=${cluster_cidr} --cluster-name=${cluster_name} --leader-elect=true --master=http://${hostip}:8080 --root-ca-file=/var/lib/kubernetes/ca.pem --service-account-private-key-file=/var/lib/kubernetes/kubernetes-key.pem --service-cluster-ip-range=${service_cluster_ip_range} --v=2\nRestart=on-failure\nRestartSec=5\n\n[Install]\nWantedBy=multi-user.target\n",
                            "vars.%": "4",
                            "vars.cluster_cidr": "10.201.0.0/16",
                            "vars.cluster_name": "mykubernetes",
                            "vars.hostip": "10.106.1.238",
                            "vars.service_cluster_ip_range": "10.32.0.0/24"
                        },
                        "meta": {},
                        "tainted": false
                    },
                    "deposed": [],
                    "provider": ""
                },
                "data.template_file.kube-controller-manager.2": {
                    "type": "template_file",
                    "depends_on": [
                        "openstack_compute_instance_v2.kube-master"
                    ],
                    "primary": {
                        "id": "48f26b81bd16f4c0275f8621490b156d76a5ae607b2282ac66e94670103fc39c",
                        "attributes": {
                            "id": "48f26b81bd16f4c0275f8621490b156d76a5ae607b2282ac66e94670103fc39c",
                            "rendered": "[Unit]\nDescription=Kubernetes Controller Manager\nDocumentation=https://github.com/GoogleCloudPlatform/kubernetes\n\n[Service]\nExecStart=/usr/bin/kube-controller-manager --allocate-node-cidrs=false --cluster-cidr=10.201.0.0/16 --cluster-name=mykubernetes --leader-elect=true --master=http://10.106.1.244:8080 --root-ca-file=/var/lib/kubernetes/ca.pem --service-account-private-key-file=/var/lib/kubernetes/kubernetes-key.pem --service-cluster-ip-range=10.32.0.0/24 --v=2\nRestart=on-failure\nRestartSec=5\n\n[Install]\nWantedBy=multi-user.target\n",
                            "template": "[Unit]\nDescription=Kubernetes Controller Manager\nDocumentation=https://github.com/GoogleCloudPlatform/kubernetes\n\n[Service]\nExecStart=/usr/bin/kube-controller-manager --allocate-node-cidrs=false --cluster-cidr=${cluster_cidr} --cluster-name=${cluster_name} --leader-elect=true --master=http://${hostip}:8080 --root-ca-file=/var/lib/kubernetes/ca.pem --service-account-private-key-file=/var/lib/kubernetes/kubernetes-key.pem --service-cluster-ip-range=${service_cluster_ip_range} --v=2\nRestart=on-failure\nRestartSec=5\n\n[Install]\nWantedBy=multi-user.target\n",
                            "vars.%": "4",
                            "vars.cluster_cidr": "10.201.0.0/16",
                            "vars.cluster_name": "mykubernetes",
                            "vars.hostip": "10.106.1.244",
                            "vars.service_cluster_ip_range": "10.32.0.0/24"
                        },
                        "meta": {},
                        "tainted": false
                    },
                    "deposed": [],
                    "provider": ""
                },
                "data.template_file.kube-proxy.0": {
                    "type": "template_file",
                    "depends_on": [
                        "openstack_compute_instance_v2.lb"
                    ],
                    "primary": {
                        "id": "224eae027c53559a0eacf96f1d41caa660ba85c1988643088610a63d0b8a641c",
                        "attributes": {
                            "id": "224eae027c53559a0eacf96f1d41caa660ba85c1988643088610a63d0b8a641c",
                            "rendered": "[Unit]\nDescription=Kubernetes Kube Proxy\nDocumentation=https://github.com/GoogleCloudPlatform/kubernetes\n\n[Service]\nExecStart=/usr/bin/kube-proxy --master=https://10.106.1.245 --kubeconfig=/var/lib/kubelet/kubeconfig --proxy-mode=iptables --v=4 \nRestart=on-failure\nRestartSec=5\n\n[Install]\nWantedBy=multi-user.target\n",
                            "template": "[Unit]\nDescription=Kubernetes Kube Proxy\nDocumentation=https://github.com/GoogleCloudPlatform/kubernetes\n\n[Service]\nExecStart=/usr/bin/kube-proxy --master=${master} --kubeconfig=/var/lib/kubelet/kubeconfig --proxy-mode=iptables --v=4 \nRestart=on-failure\nRestartSec=5\n\n[Install]\nWantedBy=multi-user.target\n",
                            "vars.%": "2",
                            "vars.cluster_cidr": "10.201.0.0/16",
                            "vars.master": "https://10.106.1.245"
                        },
                        "meta": {},
                        "tainted": false
                    },
                    "deposed": [],
                    "provider": ""
                },
                "data.template_file.kube-proxy.1": {
                    "type": "template_file",
                    "depends_on": [
                        "openstack_compute_instance_v2.lb"
                    ],
                    "primary": {
                        "id": "224eae027c53559a0eacf96f1d41caa660ba85c1988643088610a63d0b8a641c",
                        "attributes": {
                            "id": "224eae027c53559a0eacf96f1d41caa660ba85c1988643088610a63d0b8a641c",
                            "rendered": "[Unit]\nDescription=Kubernetes Kube Proxy\nDocumentation=https://github.com/GoogleCloudPlatform/kubernetes\n\n[Service]\nExecStart=/usr/bin/kube-proxy --master=https://10.106.1.245 --kubeconfig=/var/lib/kubelet/kubeconfig --proxy-mode=iptables --v=4 \nRestart=on-failure\nRestartSec=5\n\n[Install]\nWantedBy=multi-user.target\n",
                            "template": "[Unit]\nDescription=Kubernetes Kube Proxy\nDocumentation=https://github.com/GoogleCloudPlatform/kubernetes\n\n[Service]\nExecStart=/usr/bin/kube-proxy --master=${master} --kubeconfig=/var/lib/kubelet/kubeconfig --proxy-mode=iptables --v=4 \nRestart=on-failure\nRestartSec=5\n\n[Install]\nWantedBy=multi-user.target\n",
                            "vars.%": "2",
                            "vars.cluster_cidr": "10.201.0.0/16",
                            "vars.master": "https://10.106.1.245"
                        },
                        "meta": {},
                        "tainted": false
                    },
                    "deposed": [],
                    "provider": ""
                },
                "data.template_file.kube-proxy.2": {
                    "type": "template_file",
                    "depends_on": [
                        "openstack_compute_instance_v2.lb"
                    ],
                    "primary": {
                        "id": "224eae027c53559a0eacf96f1d41caa660ba85c1988643088610a63d0b8a641c",
                        "attributes": {
                            "id": "224eae027c53559a0eacf96f1d41caa660ba85c1988643088610a63d0b8a641c",
                            "rendered": "[Unit]\nDescription=Kubernetes Kube Proxy\nDocumentation=https://github.com/GoogleCloudPlatform/kubernetes\n\n[Service]\nExecStart=/usr/bin/kube-proxy --master=https://10.106.1.245 --kubeconfig=/var/lib/kubelet/kubeconfig --proxy-mode=iptables --v=4 \nRestart=on-failure\nRestartSec=5\n\n[Install]\nWantedBy=multi-user.target\n",
                            "template": "[Unit]\nDescription=Kubernetes Kube Proxy\nDocumentation=https://github.com/GoogleCloudPlatform/kubernetes\n\n[Service]\nExecStart=/usr/bin/kube-proxy --master=${master} --kubeconfig=/var/lib/kubelet/kubeconfig --proxy-mode=iptables --v=4 \nRestart=on-failure\nRestartSec=5\n\n[Install]\nWantedBy=multi-user.target\n",
                            "vars.%": "2",
                            "vars.cluster_cidr": "10.201.0.0/16",
                            "vars.master": "https://10.106.1.245"
                        },
                        "meta": {},
                        "tainted": false
                    },
                    "deposed": [],
                    "provider": ""
                },
                "data.template_file.kube-proxy.3": {
                    "type": "template_file",
                    "depends_on": [
                        "openstack_compute_instance_v2.lb"
                    ],
                    "primary": {
                        "id": "224eae027c53559a0eacf96f1d41caa660ba85c1988643088610a63d0b8a641c",
                        "attributes": {
                            "id": "224eae027c53559a0eacf96f1d41caa660ba85c1988643088610a63d0b8a641c",
                            "rendered": "[Unit]\nDescription=Kubernetes Kube Proxy\nDocumentation=https://github.com/GoogleCloudPlatform/kubernetes\n\n[Service]\nExecStart=/usr/bin/kube-proxy --master=https://10.106.1.245 --kubeconfig=/var/lib/kubelet/kubeconfig --proxy-mode=iptables --v=4 \nRestart=on-failure\nRestartSec=5\n\n[Install]\nWantedBy=multi-user.target\n",
                            "template": "[Unit]\nDescription=Kubernetes Kube Proxy\nDocumentation=https://github.com/GoogleCloudPlatform/kubernetes\n\n[Service]\nExecStart=/usr/bin/kube-proxy --master=${master} --kubeconfig=/var/lib/kubelet/kubeconfig --proxy-mode=iptables --v=4 \nRestart=on-failure\nRestartSec=5\n\n[Install]\nWantedBy=multi-user.target\n",
                            "vars.%": "2",
                            "vars.cluster_cidr": "10.201.0.0/16",
                            "vars.master": "https://10.106.1.245"
                        },
                        "meta": {},
                        "tainted": false
                    },
                    "deposed": [],
                    "provider": ""
                },
                "data.template_file.kube-scheduler.0": {
                    "type": "template_file",
                    "depends_on": [
                        "openstack_compute_instance_v2.kube-master"
                    ],
                    "primary": {
                        "id": "8ac21f27a16c8c8b4c238d04eb83809f5423951728883f9d4945048c8ab38a81",
                        "attributes": {
                            "id": "8ac21f27a16c8c8b4c238d04eb83809f5423951728883f9d4945048c8ab38a81",
                            "rendered": "[Unit]\nDescription=Kubernetes Scheduler\nDocumentation=https://github.com/GoogleCloudPlatform/kubernetes\n\n[Service]\nExecStart=/usr/bin/kube-scheduler --leader-elect=true --master=http://10.106.1.242:8080 --v=2\nRestart=on-failure\nRestartSec=5\n\n[Install]\nWantedBy=multi-user.target\n",
                            "template": "[Unit]\nDescription=Kubernetes Scheduler\nDocumentation=https://github.com/GoogleCloudPlatform/kubernetes\n\n[Service]\nExecStart=/usr/bin/kube-scheduler --leader-elect=true --master=http://${hostip}:8080 --v=2\nRestart=on-failure\nRestartSec=5\n\n[Install]\nWantedBy=multi-user.target\n",
                            "vars.%": "1",
                            "vars.hostip": "10.106.1.242"
                        },
                        "meta": {},
                        "tainted": false
                    },
                    "deposed": [],
                    "provider": ""
                },
                "data.template_file.kube-scheduler.1": {
                    "type": "template_file",
                    "depends_on": [
                        "openstack_compute_instance_v2.kube-master"
                    ],
                    "primary": {
                        "id": "82b63d157b4e7d6ba2640b1748df506d8c299a177400b2e3440c835d47e4e2b8",
                        "attributes": {
                            "id": "82b63d157b4e7d6ba2640b1748df506d8c299a177400b2e3440c835d47e4e2b8",
                            "rendered": "[Unit]\nDescription=Kubernetes Scheduler\nDocumentation=https://github.com/GoogleCloudPlatform/kubernetes\n\n[Service]\nExecStart=/usr/bin/kube-scheduler --leader-elect=true --master=http://10.106.1.238:8080 --v=2\nRestart=on-failure\nRestartSec=5\n\n[Install]\nWantedBy=multi-user.target\n",
                            "template": "[Unit]\nDescription=Kubernetes Scheduler\nDocumentation=https://github.com/GoogleCloudPlatform/kubernetes\n\n[Service]\nExecStart=/usr/bin/kube-scheduler --leader-elect=true --master=http://${hostip}:8080 --v=2\nRestart=on-failure\nRestartSec=5\n\n[Install]\nWantedBy=multi-user.target\n",
                            "vars.%": "1",
                            "vars.hostip": "10.106.1.238"
                        },
                        "meta": {},
                        "tainted": false
                    },
                    "deposed": [],
                    "provider": ""
                },
                "data.template_file.kube-scheduler.2": {
                    "type": "template_file",
                    "depends_on": [
                        "openstack_compute_instance_v2.kube-master"
                    ],
                    "primary": {
                        "id": "fed9ed5eb72f6fcb4e19abd687aa048f5373e1b60485411043deeaeca5a0bee3",
                        "attributes": {
                            "id": "fed9ed5eb72f6fcb4e19abd687aa048f5373e1b60485411043deeaeca5a0bee3",
                            "rendered": "[Unit]\nDescription=Kubernetes Scheduler\nDocumentation=https://github.com/GoogleCloudPlatform/kubernetes\n\n[Service]\nExecStart=/usr/bin/kube-scheduler --leader-elect=true --master=http://10.106.1.244:8080 --v=2\nRestart=on-failure\nRestartSec=5\n\n[Install]\nWantedBy=multi-user.target\n",
                            "template": "[Unit]\nDescription=Kubernetes Scheduler\nDocumentation=https://github.com/GoogleCloudPlatform/kubernetes\n\n[Service]\nExecStart=/usr/bin/kube-scheduler --leader-elect=true --master=http://${hostip}:8080 --v=2\nRestart=on-failure\nRestartSec=5\n\n[Install]\nWantedBy=multi-user.target\n",
                            "vars.%": "1",
                            "vars.hostip": "10.106.1.244"
                        },
                        "meta": {},
                        "tainted": false
                    },
                    "deposed": [],
                    "provider": ""
                },
                "data.template_file.kube-tokens.0": {
                    "type": "template_file",
                    "depends_on": [],
                    "primary": {
                        "id": "2e6440dfaf80c8b227d97aefbfc477b6fc5f11813ab5cda6a654c7afea117650",
                        "attributes": {
                            "id": "2e6440dfaf80c8b227d97aefbfc477b6fc5f11813ab5cda6a654c7afea117650",
                            "rendered": "f00bar.f00barf00bar1234,admin,admin\nf00bar.f00barf00bar1234,scheduler,scheduler\nf00bar.f00barf00bar1234,kubelet,kubelet\n",
                            "template": "${token},admin,admin\n${token},scheduler,scheduler\n${token},kubelet,kubelet\n",
                            "vars.%": "1",
                            "vars.token": "f00bar.f00barf00bar1234"
                        },
                        "meta": {},
                        "tainted": false
                    },
                    "deposed": [],
                    "provider": ""
                },
                "data.template_file.kube-tokens.1": {
                    "type": "template_file",
                    "depends_on": [],
                    "primary": {
                        "id": "2e6440dfaf80c8b227d97aefbfc477b6fc5f11813ab5cda6a654c7afea117650",
                        "attributes": {
                            "id": "2e6440dfaf80c8b227d97aefbfc477b6fc5f11813ab5cda6a654c7afea117650",
                            "rendered": "f00bar.f00barf00bar1234,admin,admin\nf00bar.f00barf00bar1234,scheduler,scheduler\nf00bar.f00barf00bar1234,kubelet,kubelet\n",
                            "template": "${token},admin,admin\n${token},scheduler,scheduler\n${token},kubelet,kubelet\n",
                            "vars.%": "1",
                            "vars.token": "f00bar.f00barf00bar1234"
                        },
                        "meta": {},
                        "tainted": false
                    },
                    "deposed": [],
                    "provider": ""
                },
                "data.template_file.kube-tokens.2": {
                    "type": "template_file",
                    "depends_on": [],
                    "primary": {
                        "id": "2e6440dfaf80c8b227d97aefbfc477b6fc5f11813ab5cda6a654c7afea117650",
                        "attributes": {
                            "id": "2e6440dfaf80c8b227d97aefbfc477b6fc5f11813ab5cda6a654c7afea117650",
                            "rendered": "f00bar.f00barf00bar1234,admin,admin\nf00bar.f00barf00bar1234,scheduler,scheduler\nf00bar.f00barf00bar1234,kubelet,kubelet\n",
                            "template": "${token},admin,admin\n${token},scheduler,scheduler\n${token},kubelet,kubelet\n",
                            "vars.%": "1",
                            "vars.token": "f00bar.f00barf00bar1234"
                        },
                        "meta": {},
                        "tainted": false
                    },
                    "deposed": [],
                    "provider": ""
                },
                "data.template_file.kubeconfig.0": {
                    "type": "template_file",
                    "depends_on": [
                        "openstack_compute_instance_v2.lb"
                    ],
                    "primary": {
                        "id": "80afa93e88925b3b476b2bdecb0618c2b097fc6a2954af048f77538c9782f6c7",
                        "attributes": {
                            "id": "80afa93e88925b3b476b2bdecb0618c2b097fc6a2954af048f77538c9782f6c7",
                            "rendered": "apiVersion: v1\nkind: Config\nclusters:\n- cluster:\n    certificate-authority: /var/lib/kubernetes/ca.pem\n    server: https://10.106.1.245\n  name: kubernetes\ncontexts:\n- context:\n    cluster: kubernetes\n    user: kubelet\n  name: kubelet\ncurrent-context: kubelet\nusers:\n- name: kubelet\n  user:\n    token: f00bar.f00barf00bar1234\n",
                            "template": "apiVersion: v1\nkind: Config\nclusters:\n- cluster:\n    certificate-authority: /var/lib/kubernetes/ca.pem\n    server: ${master}\n  name: kubernetes\ncontexts:\n- context:\n    cluster: kubernetes\n    user: kubelet\n  name: kubelet\ncurrent-context: kubelet\nusers:\n- name: kubelet\n  user:\n    token: ${token}\n",
                            "vars.%": "2",
                            "vars.master": "https://10.106.1.245",
                            "vars.token": "f00bar.f00barf00bar1234"
                        },
                        "meta": {},
                        "tainted": false
                    },
                    "deposed": [],
                    "provider": ""
                },
                "data.template_file.kubeconfig.1": {
                    "type": "template_file",
                    "depends_on": [
                        "openstack_compute_instance_v2.lb"
                    ],
                    "primary": {
                        "id": "80afa93e88925b3b476b2bdecb0618c2b097fc6a2954af048f77538c9782f6c7",
                        "attributes": {
                            "id": "80afa93e88925b3b476b2bdecb0618c2b097fc6a2954af048f77538c9782f6c7",
                            "rendered": "apiVersion: v1\nkind: Config\nclusters:\n- cluster:\n    certificate-authority: /var/lib/kubernetes/ca.pem\n    server: https://10.106.1.245\n  name: kubernetes\ncontexts:\n- context:\n    cluster: kubernetes\n    user: kubelet\n  name: kubelet\ncurrent-context: kubelet\nusers:\n- name: kubelet\n  user:\n    token: f00bar.f00barf00bar1234\n",
                            "template": "apiVersion: v1\nkind: Config\nclusters:\n- cluster:\n    certificate-authority: /var/lib/kubernetes/ca.pem\n    server: ${master}\n  name: kubernetes\ncontexts:\n- context:\n    cluster: kubernetes\n    user: kubelet\n  name: kubelet\ncurrent-context: kubelet\nusers:\n- name: kubelet\n  user:\n    token: ${token}\n",
                            "vars.%": "2",
                            "vars.master": "https://10.106.1.245",
                            "vars.token": "f00bar.f00barf00bar1234"
                        },
                        "meta": {},
                        "tainted": false
                    },
                    "deposed": [],
                    "provider": ""
                },
                "data.template_file.kubeconfig.2": {
                    "type": "template_file",
                    "depends_on": [
                        "openstack_compute_instance_v2.lb"
                    ],
                    "primary": {
                        "id": "80afa93e88925b3b476b2bdecb0618c2b097fc6a2954af048f77538c9782f6c7",
                        "attributes": {
                            "id": "80afa93e88925b3b476b2bdecb0618c2b097fc6a2954af048f77538c9782f6c7",
                            "rendered": "apiVersion: v1\nkind: Config\nclusters:\n- cluster:\n    certificate-authority: /var/lib/kubernetes/ca.pem\n    server: https://10.106.1.245\n  name: kubernetes\ncontexts:\n- context:\n    cluster: kubernetes\n    user: kubelet\n  name: kubelet\ncurrent-context: kubelet\nusers:\n- name: kubelet\n  user:\n    token: f00bar.f00barf00bar1234\n",
                            "template": "apiVersion: v1\nkind: Config\nclusters:\n- cluster:\n    certificate-authority: /var/lib/kubernetes/ca.pem\n    server: ${master}\n  name: kubernetes\ncontexts:\n- context:\n    cluster: kubernetes\n    user: kubelet\n  name: kubelet\ncurrent-context: kubelet\nusers:\n- name: kubelet\n  user:\n    token: ${token}\n",
                            "vars.%": "2",
                            "vars.master": "https://10.106.1.245",
                            "vars.token": "f00bar.f00barf00bar1234"
                        },
                        "meta": {},
                        "tainted": false
                    },
                    "deposed": [],
                    "provider": ""
                },
                "data.template_file.kubeconfig.3": {
                    "type": "template_file",
                    "depends_on": [
                        "openstack_compute_instance_v2.lb"
                    ],
                    "primary": {
                        "id": "80afa93e88925b3b476b2bdecb0618c2b097fc6a2954af048f77538c9782f6c7",
                        "attributes": {
                            "id": "80afa93e88925b3b476b2bdecb0618c2b097fc6a2954af048f77538c9782f6c7",
                            "rendered": "apiVersion: v1\nkind: Config\nclusters:\n- cluster:\n    certificate-authority: /var/lib/kubernetes/ca.pem\n    server: https://10.106.1.245\n  name: kubernetes\ncontexts:\n- context:\n    cluster: kubernetes\n    user: kubelet\n  name: kubelet\ncurrent-context: kubelet\nusers:\n- name: kubelet\n  user:\n    token: f00bar.f00barf00bar1234\n",
                            "template": "apiVersion: v1\nkind: Config\nclusters:\n- cluster:\n    certificate-authority: /var/lib/kubernetes/ca.pem\n    server: ${master}\n  name: kubernetes\ncontexts:\n- context:\n    cluster: kubernetes\n    user: kubelet\n  name: kubelet\ncurrent-context: kubelet\nusers:\n- name: kubelet\n  user:\n    token: ${token}\n",
                            "vars.%": "2",
                            "vars.master": "https://10.106.1.245",
                            "vars.token": "f00bar.f00barf00bar1234"
                        },
                        "meta": {},
                        "tainted": false
                    },
                    "deposed": [],
                    "provider": ""
                },
                "data.template_file.kubelet.0": {
                    "type": "template_file",
                    "depends_on": [
                        "openstack_compute_instance_v2.kube-master"
                    ],
                    "primary": {
                        "id": "0be9d08d6c73de1978e363c2cb47dabe4298d0895ba86f8fecceac3efc375671",
                        "attributes": {
                            "id": "0be9d08d6c73de1978e363c2cb47dabe4298d0895ba86f8fecceac3efc375671",
                            "rendered": "[Unit]\nDescription=Kubernetes Kubelet\nDocumentation=https://github.com/GoogleCloudPlatform/kubernetes\nAfter=docker.service\nRequires=docker.service\n\n[Service]\nExecStart=/usr/bin/kubelet --allow-privileged=true --api-servers=https://10.106.1.242:6443,https://10.106.1.238:6443,https://10.106.1.244:6443 --cloud-provider= --cluster-dns=10.32.0.10 --cluster-domain=cluster.local --configure-cbr0=false --container-runtime=docker --docker=unix:///var/run/docker.sock  --kubeconfig=/var/lib/kubelet/kubeconfig --reconcile-cidr=true --serialize-image-pulls=false --tls-cert-file=/var/lib/kubernetes/kubernetes.pem --tls-private-key-file=/var/lib/kubernetes/kubernetes-key.pem --v=2\n\nRestart=on-failure\nRestartSec=5\n\n[Install]\nWantedBy=multi-user.target\n",
                            "template": "[Unit]\nDescription=Kubernetes Kubelet\nDocumentation=https://github.com/GoogleCloudPlatform/kubernetes\nAfter=docker.service\nRequires=docker.service\n\n[Service]\nExecStart=/usr/bin/kubelet --allow-privileged=true --api-servers=${api_servers} --cloud-provider= --cluster-dns=${cluster_dns} --cluster-domain=${cluster_domain} --configure-cbr0=false --container-runtime=docker --docker=unix:///var/run/docker.sock  --kubeconfig=/var/lib/kubelet/kubeconfig --reconcile-cidr=true --serialize-image-pulls=false --tls-cert-file=/var/lib/kubernetes/kubernetes.pem --tls-private-key-file=/var/lib/kubernetes/kubernetes-key.pem --v=2\n\nRestart=on-failure\nRestartSec=5\n\n[Install]\nWantedBy=multi-user.target\n",
                            "vars.%": "3",
                            "vars.api_servers": "https://10.106.1.242:6443,https://10.106.1.238:6443,https://10.106.1.244:6443",
                            "vars.cluster_dns": "10.32.0.10",
                            "vars.cluster_domain": "cluster.local"
                        },
                        "meta": {},
                        "tainted": false
                    },
                    "deposed": [],
                    "provider": ""
                },
                "data.template_file.kubelet.1": {
                    "type": "template_file",
                    "depends_on": [
                        "openstack_compute_instance_v2.kube-master"
                    ],
                    "primary": {
                        "id": "0be9d08d6c73de1978e363c2cb47dabe4298d0895ba86f8fecceac3efc375671",
                        "attributes": {
                            "id": "0be9d08d6c73de1978e363c2cb47dabe4298d0895ba86f8fecceac3efc375671",
                            "rendered": "[Unit]\nDescription=Kubernetes Kubelet\nDocumentation=https://github.com/GoogleCloudPlatform/kubernetes\nAfter=docker.service\nRequires=docker.service\n\n[Service]\nExecStart=/usr/bin/kubelet --allow-privileged=true --api-servers=https://10.106.1.242:6443,https://10.106.1.238:6443,https://10.106.1.244:6443 --cloud-provider= --cluster-dns=10.32.0.10 --cluster-domain=cluster.local --configure-cbr0=false --container-runtime=docker --docker=unix:///var/run/docker.sock  --kubeconfig=/var/lib/kubelet/kubeconfig --reconcile-cidr=true --serialize-image-pulls=false --tls-cert-file=/var/lib/kubernetes/kubernetes.pem --tls-private-key-file=/var/lib/kubernetes/kubernetes-key.pem --v=2\n\nRestart=on-failure\nRestartSec=5\n\n[Install]\nWantedBy=multi-user.target\n",
                            "template": "[Unit]\nDescription=Kubernetes Kubelet\nDocumentation=https://github.com/GoogleCloudPlatform/kubernetes\nAfter=docker.service\nRequires=docker.service\n\n[Service]\nExecStart=/usr/bin/kubelet --allow-privileged=true --api-servers=${api_servers} --cloud-provider= --cluster-dns=${cluster_dns} --cluster-domain=${cluster_domain} --configure-cbr0=false --container-runtime=docker --docker=unix:///var/run/docker.sock  --kubeconfig=/var/lib/kubelet/kubeconfig --reconcile-cidr=true --serialize-image-pulls=false --tls-cert-file=/var/lib/kubernetes/kubernetes.pem --tls-private-key-file=/var/lib/kubernetes/kubernetes-key.pem --v=2\n\nRestart=on-failure\nRestartSec=5\n\n[Install]\nWantedBy=multi-user.target\n",
                            "vars.%": "3",
                            "vars.api_servers": "https://10.106.1.242:6443,https://10.106.1.238:6443,https://10.106.1.244:6443",
                            "vars.cluster_dns": "10.32.0.10",
                            "vars.cluster_domain": "cluster.local"
                        },
                        "meta": {},
                        "tainted": false
                    },
                    "deposed": [],
                    "provider": ""
                },
                "data.template_file.kubelet.2": {
                    "type": "template_file",
                    "depends_on": [
                        "openstack_compute_instance_v2.kube-master"
                    ],
                    "primary": {
                        "id": "0be9d08d6c73de1978e363c2cb47dabe4298d0895ba86f8fecceac3efc375671",
                        "attributes": {
                            "id": "0be9d08d6c73de1978e363c2cb47dabe4298d0895ba86f8fecceac3efc375671",
                            "rendered": "[Unit]\nDescription=Kubernetes Kubelet\nDocumentation=https://github.com/GoogleCloudPlatform/kubernetes\nAfter=docker.service\nRequires=docker.service\n\n[Service]\nExecStart=/usr/bin/kubelet --allow-privileged=true --api-servers=https://10.106.1.242:6443,https://10.106.1.238:6443,https://10.106.1.244:6443 --cloud-provider= --cluster-dns=10.32.0.10 --cluster-domain=cluster.local --configure-cbr0=false --container-runtime=docker --docker=unix:///var/run/docker.sock  --kubeconfig=/var/lib/kubelet/kubeconfig --reconcile-cidr=true --serialize-image-pulls=false --tls-cert-file=/var/lib/kubernetes/kubernetes.pem --tls-private-key-file=/var/lib/kubernetes/kubernetes-key.pem --v=2\n\nRestart=on-failure\nRestartSec=5\n\n[Install]\nWantedBy=multi-user.target\n",
                            "template": "[Unit]\nDescription=Kubernetes Kubelet\nDocumentation=https://github.com/GoogleCloudPlatform/kubernetes\nAfter=docker.service\nRequires=docker.service\n\n[Service]\nExecStart=/usr/bin/kubelet --allow-privileged=true --api-servers=${api_servers} --cloud-provider= --cluster-dns=${cluster_dns} --cluster-domain=${cluster_domain} --configure-cbr0=false --container-runtime=docker --docker=unix:///var/run/docker.sock  --kubeconfig=/var/lib/kubelet/kubeconfig --reconcile-cidr=true --serialize-image-pulls=false --tls-cert-file=/var/lib/kubernetes/kubernetes.pem --tls-private-key-file=/var/lib/kubernetes/kubernetes-key.pem --v=2\n\nRestart=on-failure\nRestartSec=5\n\n[Install]\nWantedBy=multi-user.target\n",
                            "vars.%": "3",
                            "vars.api_servers": "https://10.106.1.242:6443,https://10.106.1.238:6443,https://10.106.1.244:6443",
                            "vars.cluster_dns": "10.32.0.10",
                            "vars.cluster_domain": "cluster.local"
                        },
                        "meta": {},
                        "tainted": false
                    },
                    "deposed": [],
                    "provider": ""
                },
                "data.template_file.kubelet.3": {
                    "type": "template_file",
                    "depends_on": [
                        "openstack_compute_instance_v2.kube-master"
                    ],
                    "primary": {
                        "id": "0be9d08d6c73de1978e363c2cb47dabe4298d0895ba86f8fecceac3efc375671",
                        "attributes": {
                            "id": "0be9d08d6c73de1978e363c2cb47dabe4298d0895ba86f8fecceac3efc375671",
                            "rendered": "[Unit]\nDescription=Kubernetes Kubelet\nDocumentation=https://github.com/GoogleCloudPlatform/kubernetes\nAfter=docker.service\nRequires=docker.service\n\n[Service]\nExecStart=/usr/bin/kubelet --allow-privileged=true --api-servers=https://10.106.1.242:6443,https://10.106.1.238:6443,https://10.106.1.244:6443 --cloud-provider= --cluster-dns=10.32.0.10 --cluster-domain=cluster.local --configure-cbr0=false --container-runtime=docker --docker=unix:///var/run/docker.sock  --kubeconfig=/var/lib/kubelet/kubeconfig --reconcile-cidr=true --serialize-image-pulls=false --tls-cert-file=/var/lib/kubernetes/kubernetes.pem --tls-private-key-file=/var/lib/kubernetes/kubernetes-key.pem --v=2\n\nRestart=on-failure\nRestartSec=5\n\n[Install]\nWantedBy=multi-user.target\n",
                            "template": "[Unit]\nDescription=Kubernetes Kubelet\nDocumentation=https://github.com/GoogleCloudPlatform/kubernetes\nAfter=docker.service\nRequires=docker.service\n\n[Service]\nExecStart=/usr/bin/kubelet --allow-privileged=true --api-servers=${api_servers} --cloud-provider= --cluster-dns=${cluster_dns} --cluster-domain=${cluster_domain} --configure-cbr0=false --container-runtime=docker --docker=unix:///var/run/docker.sock  --kubeconfig=/var/lib/kubelet/kubeconfig --reconcile-cidr=true --serialize-image-pulls=false --tls-cert-file=/var/lib/kubernetes/kubernetes.pem --tls-private-key-file=/var/lib/kubernetes/kubernetes-key.pem --v=2\n\nRestart=on-failure\nRestartSec=5\n\n[Install]\nWantedBy=multi-user.target\n",
                            "vars.%": "3",
                            "vars.api_servers": "https://10.106.1.242:6443,https://10.106.1.238:6443,https://10.106.1.244:6443",
                            "vars.cluster_dns": "10.32.0.10",
                            "vars.cluster_domain": "cluster.local"
                        },
                        "meta": {},
                        "tainted": false
                    },
                    "deposed": [],
                    "provider": ""
                },
                "data.template_file.kubernetes-csr": {
                    "type": "template_file",
                    "depends_on": [
                        "openstack_compute_instance_v2.kube-master",
                        "openstack_compute_instance_v2.kube-master",
                        "openstack_compute_instance_v2.kube-worker",
                        "openstack_compute_instance_v2.kube-worker",
                        "openstack_compute_instance_v2.lb",
                        "openstack_compute_instance_v2.lb"
                    ],
                    "primary": {
                        "id": "5f7ca14c490b6790b995d39bfcde6bcb3b09e9de7fe642d41319c13badbaa348",
                        "attributes": {
                            "id": "5f7ca14c490b6790b995d39bfcde6bcb3b09e9de7fe642d41319c13badbaa348",
                            "rendered": "{\n  \\\"CN\\\": \\\"kubernetes\\\",\n  \\\"hosts\\\": [\n    \\\"127.0.0.1\\\",\n    \\\"10.32.0.1\\\",\n    \\\"184.94.251.16\\\",\n    \\\"10.106.1.245\\\",\n    |kube-worker01|,\n|10.106.1.240|,\n|kube-worker02|,\n|10.106.1.243|,\n|kube-worker03|,\n|10.106.1.241|,\n|kube-worker04|,\n|10.106.1.239|,\n    |kube-controller01|,\n|10.106.1.242|,\n|kube-controller02|,\n|10.106.1.238|,\n|kube-controller03|,\n|10.106.1.244|\n  ],\n  \\\"key\\\": {\n    \\\"algo\\\": \\\"rsa\\\",\n    \\\"size\\\": 2048\n  },\n  \\\"names\\\": [\n    {\n      \\\"C\\\": \\\"US\\\",\n      \\\"L\\\": \\\"Portland\\\",\n      \\\"O\\\": \\\"Kubernetes\\\",\n      \\\"OU\\\": \\\"Cluster\\\",\n      \\\"ST\\\": \\\"Oregon\\\"\n    }\n  ]\n}\n",
                            "template": "{\n  \\\"CN\\\": \\\"kubernetes\\\",\n  \\\"hosts\\\": [\n    \\\"127.0.0.1\\\",\n    \\\"${cluster_ip}\\\",\n    \\\"${public_ip}\\\",\n    \\\"${lb_ip}\\\",\n    ${worker_nodes},\n    ${master_nodes}\n  ],\n  \\\"key\\\": {\n    \\\"algo\\\": \\\"rsa\\\",\n    \\\"size\\\": 2048\n  },\n  \\\"names\\\": [\n    {\n      \\\"C\\\": \\\"US\\\",\n      \\\"L\\\": \\\"Portland\\\",\n      \\\"O\\\": \\\"Kubernetes\\\",\n      \\\"OU\\\": \\\"Cluster\\\",\n      \\\"ST\\\": \\\"Oregon\\\"\n    }\n  ]\n}\n",
                            "vars.%": "5",
                            "vars.cluster_ip": "10.32.0.1",
                            "vars.lb_ip": "10.106.1.245",
                            "vars.master_nodes": "|kube-controller01|,\n|10.106.1.242|,\n|kube-controller02|,\n|10.106.1.238|,\n|kube-controller03|,\n|10.106.1.244|",
                            "vars.public_ip": "184.94.251.16",
                            "vars.worker_nodes": "|kube-worker01|,\n|10.106.1.240|,\n|kube-worker02|,\n|10.106.1.243|,\n|kube-worker03|,\n|10.106.1.241|,\n|kube-worker04|,\n|10.106.1.239|"
                        },
                        "meta": {},
                        "tainted": false
                    },
                    "deposed": [],
                    "provider": ""
                },
                "data.template_file.nginx": {
                    "type": "template_file",
                    "depends_on": [
                        "openstack_compute_instance_v2.kube-master",
                        "openstack_compute_instance_v2.kube-master",
                        "openstack_compute_instance_v2.kube-master"
                    ],
                    "primary": {
                        "id": "95f1f21c3cf7595120e3eed7ff8a851e229de00248b2c7c7ceb42741a0759842",
                        "attributes": {
                            "id": "95f1f21c3cf7595120e3eed7ff8a851e229de00248b2c7c7ceb42741a0759842",
                            "rendered": "user www-data;\nworker_processes auto;\npid /run/nginx.pid;\n\nevents {\n        worker_connections 768;\n        # multi_accept on;\n}\n\nstream {\n        upstream kubernetes {\n                server 10.106.1.242:6443;\n                server 10.106.1.238:6443;\n                server 10.106.1.244:6443;\n        }\n\n        server {\n                listen 443;\n                proxy_pass kubernetes;\n        }\n}\n",
                            "template": "user www-data;\nworker_processes auto;\npid /run/nginx.pid;\n\nevents {\n        worker_connections 768;\n        # multi_accept on;\n}\n\nstream {\n        upstream kubernetes {\n                server ${server1}:6443;\n                server ${server2}:6443;\n                server ${server3}:6443;\n        }\n\n        server {\n                listen 443;\n                proxy_pass kubernetes;\n        }\n}\n",
                            "vars.%": "3",
                            "vars.server1": "10.106.1.242",
                            "vars.server2": "10.106.1.238",
                            "vars.server3": "10.106.1.244"
                        },
                        "meta": {},
                        "tainted": false
                    },
                    "deposed": [],
                    "provider": ""
                },
                "data.template_file.rclocal": {
                    "type": "template_file",
                    "depends_on": [
                        "openstack_compute_instance_v2.kube-worker",
                        "openstack_compute_instance_v2.kube-worker"
                    ],
                    "primary": {
                        "id": "ca9a59b0b6cca2d251e3c4fbbb2aeb2f91c0b3045597b4fcf1b24c23cde1a1a5",
                        "attributes": {
                            "id": "ca9a59b0b6cca2d251e3c4fbbb2aeb2f91c0b3045597b4fcf1b24c23cde1a1a5",
                            "rendered": "#!/bin/sh -e\n#\n# rc.local\n#\n# This script is executed at the end of each multiuser runlevel.\n# Make sure that the script will \"exit 0\" on success or any other\n# value on error.\n\n# add static routes to worker nodes for kubernetes\nroute add -net 10.201.0.0/24 gw 10.106.1.240 dev ens3\nroute add -net 10.201.1.0/24 gw 10.106.1.243 dev ens3\nroute add -net 10.201.2.0/24 gw 10.106.1.241 dev ens3\nroute add -net 10.201.3.0/24 gw 10.106.1.239 dev ens3\n\nexit 0\n",
                            "template": "#!/bin/sh -e\n#\n# rc.local\n#\n# This script is executed at the end of each multiuser runlevel.\n# Make sure that the script will \"exit 0\" on success or any other\n# value on error.\n\n# add static routes to worker nodes for kubernetes\n${static_routes}\n\nexit 0\n",
                            "vars.%": "1",
                            "vars.static_routes": "route add -net 10.201.0.0/24 gw 10.106.1.240 dev ens3\nroute add -net 10.201.1.0/24 gw 10.106.1.243 dev ens3\nroute add -net 10.201.2.0/24 gw 10.106.1.241 dev ens3\nroute add -net 10.201.3.0/24 gw 10.106.1.239 dev ens3"
                        },
                        "meta": {},
                        "tainted": false
                    },
                    "deposed": [],
                    "provider": ""
                },
                "null_resource.certs": {
                    "type": "null_resource",
                    "depends_on": [
                        "data.template_file.kubernetes-csr",
                        "data.template_file.kubernetes-csr",
                        "openstack_compute_instance_v2.kube-master",
                        "openstack_compute_instance_v2.kube-worker",
                        "openstack_compute_instance_v2.lb"
                    ],
                    "primary": {
                        "id": "5216020744849742159",
                        "attributes": {
                            "id": "5216020744849742159",
                            "triggers.%": "1",
                            "triggers.template": "{\n  \\\"CN\\\": \\\"kubernetes\\\",\n  \\\"hosts\\\": [\n    \\\"127.0.0.1\\\",\n    \\\"10.32.0.1\\\",\n    \\\"184.94.251.16\\\",\n    \\\"10.106.1.245\\\",\n    |kube-worker01|,\n|10.106.1.240|,\n|kube-worker02|,\n|10.106.1.243|,\n|kube-worker03|,\n|10.106.1.241|,\n|kube-worker04|,\n|10.106.1.239|,\n    |kube-controller01|,\n|10.106.1.242|,\n|kube-controller02|,\n|10.106.1.238|,\n|kube-controller03|,\n|10.106.1.244|\n  ],\n  \\\"key\\\": {\n    \\\"algo\\\": \\\"rsa\\\",\n    \\\"size\\\": 2048\n  },\n  \\\"names\\\": [\n    {\n      \\\"C\\\": \\\"US\\\",\n      \\\"L\\\": \\\"Portland\\\",\n      \\\"O\\\": \\\"Kubernetes\\\",\n      \\\"OU\\\": \\\"Cluster\\\",\n      \\\"ST\\\": \\\"Oregon\\\"\n    }\n  ]\n}\n"
                        },
                        "meta": {},
                        "tainted": false
                    },
                    "deposed": [],
                    "provider": ""
                },
                "null_resource.etcd.0": {
                    "type": "null_resource",
                    "depends_on": [
                        "data.template_file.etcd",
                        "openstack_compute_instance_v2.kube-master",
                        "openstack_compute_instance_v2.kube-master",
                        "openstack_compute_instance_v2.kube-master",
                        "openstack_compute_instance_v2.kube-master",
                        "openstack_compute_instance_v2.kube-master",
                        "openstack_compute_instance_v2.lb",
                        "openstack_compute_instance_v2.lb",
                        "openstack_compute_instance_v2.lb",
                        "openstack_compute_instance_v2.lb",
                        "openstack_compute_instance_v2.lb"
                    ],
                    "primary": {
                        "id": "7687476792224770377",
                        "attributes": {
                            "id": "7687476792224770377"
                        },
                        "meta": {},
                        "tainted": false
                    },
                    "deposed": [],
                    "provider": ""
                },
                "null_resource.etcd.1": {
                    "type": "null_resource",
                    "depends_on": [
                        "data.template_file.etcd",
                        "openstack_compute_instance_v2.kube-master",
                        "openstack_compute_instance_v2.kube-master",
                        "openstack_compute_instance_v2.kube-master",
                        "openstack_compute_instance_v2.kube-master",
                        "openstack_compute_instance_v2.kube-master",
                        "openstack_compute_instance_v2.lb",
                        "openstack_compute_instance_v2.lb",
                        "openstack_compute_instance_v2.lb",
                        "openstack_compute_instance_v2.lb",
                        "openstack_compute_instance_v2.lb"
                    ],
                    "primary": {
                        "id": "3226840089311226244",
                        "attributes": {
                            "id": "3226840089311226244"
                        },
                        "meta": {},
                        "tainted": false
                    },
                    "deposed": [],
                    "provider": ""
                },
                "null_resource.etcd.2": {
                    "type": "null_resource",
                    "depends_on": [
                        "data.template_file.etcd",
                        "openstack_compute_instance_v2.kube-master",
                        "openstack_compute_instance_v2.kube-master",
                        "openstack_compute_instance_v2.kube-master",
                        "openstack_compute_instance_v2.kube-master",
                        "openstack_compute_instance_v2.kube-master",
                        "openstack_compute_instance_v2.lb",
                        "openstack_compute_instance_v2.lb",
                        "openstack_compute_instance_v2.lb",
                        "openstack_compute_instance_v2.lb",
                        "openstack_compute_instance_v2.lb"
                    ],
                    "primary": {
                        "id": "8839318593121306155",
                        "attributes": {
                            "id": "8839318593121306155"
                        },
                        "meta": {},
                        "tainted": false
                    },
                    "deposed": [],
                    "provider": ""
                },
                "null_resource.hosts.0": {
                    "type": "null_resource",
                    "depends_on": [
                        "openstack_compute_instance_v2.kube-master",
                        "openstack_compute_instance_v2.kube-master",
                        "openstack_compute_instance_v2.kube-master",
                        "openstack_compute_instance_v2.kube-worker",
                        "openstack_compute_instance_v2.kube-worker",
                        "openstack_compute_instance_v2.kube-worker",
                        "openstack_compute_instance_v2.lb",
                        "openstack_compute_instance_v2.lb",
                        "openstack_compute_instance_v2.lb",
                        "openstack_compute_instance_v2.lb",
                        "openstack_compute_instance_v2.lb"
                    ],
                    "primary": {
                        "id": "26664528419571786",
                        "attributes": {
                            "id": "26664528419571786"
                        },
                        "meta": {},
                        "tainted": false
                    },
                    "deposed": [],
                    "provider": ""
                },
                "null_resource.hosts.1": {
                    "type": "null_resource",
                    "depends_on": [
                        "openstack_compute_instance_v2.kube-master",
                        "openstack_compute_instance_v2.kube-master",
                        "openstack_compute_instance_v2.kube-master",
                        "openstack_compute_instance_v2.kube-worker",
                        "openstack_compute_instance_v2.kube-worker",
                        "openstack_compute_instance_v2.kube-worker",
                        "openstack_compute_instance_v2.lb",
                        "openstack_compute_instance_v2.lb",
                        "openstack_compute_instance_v2.lb",
                        "openstack_compute_instance_v2.lb",
                        "openstack_compute_instance_v2.lb"
                    ],
                    "primary": {
                        "id": "1829914968075270850",
                        "attributes": {
                            "id": "1829914968075270850"
                        },
                        "meta": {},
                        "tainted": false
                    },
                    "deposed": [],
                    "provider": ""
                },
                "null_resource.hosts.2": {
                    "type": "null_resource",
                    "depends_on": [
                        "openstack_compute_instance_v2.kube-master",
                        "openstack_compute_instance_v2.kube-master",
                        "openstack_compute_instance_v2.kube-master",
                        "openstack_compute_instance_v2.kube-worker",
                        "openstack_compute_instance_v2.kube-worker",
                        "openstack_compute_instance_v2.kube-worker",
                        "openstack_compute_instance_v2.lb",
                        "openstack_compute_instance_v2.lb",
                        "openstack_compute_instance_v2.lb",
                        "openstack_compute_instance_v2.lb",
                        "openstack_compute_instance_v2.lb"
                    ],
                    "primary": {
                        "id": "7268755584524684451",
                        "attributes": {
                            "id": "7268755584524684451"
                        },
                        "meta": {},
                        "tainted": false
                    },
                    "deposed": [],
                    "provider": ""
                },
                "null_resource.hosts.3": {
                    "type": "null_resource",
                    "depends_on": [
                        "openstack_compute_instance_v2.kube-master",
                        "openstack_compute_instance_v2.kube-master",
                        "openstack_compute_instance_v2.kube-master",
                        "openstack_compute_instance_v2.kube-worker",
                        "openstack_compute_instance_v2.kube-worker",
                        "openstack_compute_instance_v2.kube-worker",
                        "openstack_compute_instance_v2.lb",
                        "openstack_compute_instance_v2.lb",
                        "openstack_compute_instance_v2.lb",
                        "openstack_compute_instance_v2.lb",
                        "openstack_compute_instance_v2.lb"
                    ],
                    "primary": {
                        "id": "3903964995271277089",
                        "attributes": {
                            "id": "3903964995271277089"
                        },
                        "meta": {},
                        "tainted": false
                    },
                    "deposed": [],
                    "provider": ""
                },
                "null_resource.hosts.4": {
                    "type": "null_resource",
                    "depends_on": [
                        "openstack_compute_instance_v2.kube-master",
                        "openstack_compute_instance_v2.kube-master",
                        "openstack_compute_instance_v2.kube-master",
                        "openstack_compute_instance_v2.kube-worker",
                        "openstack_compute_instance_v2.kube-worker",
                        "openstack_compute_instance_v2.kube-worker",
                        "openstack_compute_instance_v2.lb",
                        "openstack_compute_instance_v2.lb",
                        "openstack_compute_instance_v2.lb",
                        "openstack_compute_instance_v2.lb",
                        "openstack_compute_instance_v2.lb"
                    ],
                    "primary": {
                        "id": "2186042643712024605",
                        "attributes": {
                            "id": "2186042643712024605"
                        },
                        "meta": {},
                        "tainted": false
                    },
                    "deposed": [],
                    "provider": ""
                },
                "null_resource.hosts.5": {
                    "type": "null_resource",
                    "depends_on": [
                        "openstack_compute_instance_v2.kube-master",
                        "openstack_compute_instance_v2.kube-master",
                        "openstack_compute_instance_v2.kube-master",
                        "openstack_compute_instance_v2.kube-worker",
                        "openstack_compute_instance_v2.kube-worker",
                        "openstack_compute_instance_v2.kube-worker",
                        "openstack_compute_instance_v2.lb",
                        "openstack_compute_instance_v2.lb",
                        "openstack_compute_instance_v2.lb",
                        "openstack_compute_instance_v2.lb",
                        "openstack_compute_instance_v2.lb"
                    ],
                    "primary": {
                        "id": "6502205242022951229",
                        "attributes": {
                            "id": "6502205242022951229"
                        },
                        "meta": {},
                        "tainted": false
                    },
                    "deposed": [],
                    "provider": ""
                },
                "null_resource.hosts.6": {
                    "type": "null_resource",
                    "depends_on": [
                        "openstack_compute_instance_v2.kube-master",
                        "openstack_compute_instance_v2.kube-master",
                        "openstack_compute_instance_v2.kube-master",
                        "openstack_compute_instance_v2.kube-worker",
                        "openstack_compute_instance_v2.kube-worker",
                        "openstack_compute_instance_v2.kube-worker",
                        "openstack_compute_instance_v2.lb",
                        "openstack_compute_instance_v2.lb",
                        "openstack_compute_instance_v2.lb",
                        "openstack_compute_instance_v2.lb",
                        "openstack_compute_instance_v2.lb"
                    ],
                    "primary": {
                        "id": "5307035078932968241",
                        "attributes": {
                            "id": "5307035078932968241"
                        },
                        "meta": {},
                        "tainted": false
                    },
                    "deposed": [],
                    "provider": ""
                },
                "null_resource.hosts.7": {
                    "type": "null_resource",
                    "depends_on": [
                        "openstack_compute_instance_v2.kube-master",
                        "openstack_compute_instance_v2.kube-master",
                        "openstack_compute_instance_v2.kube-master",
                        "openstack_compute_instance_v2.kube-worker",
                        "openstack_compute_instance_v2.kube-worker",
                        "openstack_compute_instance_v2.kube-worker",
                        "openstack_compute_instance_v2.lb",
                        "openstack_compute_instance_v2.lb",
                        "openstack_compute_instance_v2.lb",
                        "openstack_compute_instance_v2.lb",
                        "openstack_compute_instance_v2.lb"
                    ],
                    "primary": {
                        "id": "6865140226586108868",
                        "attributes": {
                            "id": "6865140226586108868"
                        },
                        "meta": {},
                        "tainted": false
                    },
                    "deposed": [],
                    "provider": ""
                },
                "null_resource.kube-master.0": {
                    "type": "null_resource",
                    "depends_on": [
                        "data.template_file.kube-apiserver",
                        "data.template_file.kube-controller-manager",
                        "data.template_file.kube-scheduler",
                        "data.template_file.kube-tokens",
                        "data.template_file.rclocal",
                        "null_resource.etcd",
                        "openstack_compute_instance_v2.kube-master",
                        "openstack_compute_instance_v2.kube-master",
                        "openstack_compute_instance_v2.kube-master",
                        "openstack_compute_instance_v2.kube-master",
                        "openstack_compute_instance_v2.kube-master",
                        "openstack_compute_instance_v2.kube-master",
                        "openstack_compute_instance_v2.kube-master",
                        "openstack_compute_instance_v2.kube-master",
                        "openstack_compute_instance_v2.lb",
                        "openstack_compute_instance_v2.lb",
                        "openstack_compute_instance_v2.lb",
                        "openstack_compute_instance_v2.lb",
                        "openstack_compute_instance_v2.lb",
                        "openstack_compute_instance_v2.lb",
                        "openstack_compute_instance_v2.lb",
                        "openstack_compute_instance_v2.lb"
                    ],
                    "primary": {
                        "id": "4222449204985187765",
                        "attributes": {
                            "id": "4222449204985187765"
                        },
                        "meta": {},
                        "tainted": false
                    },
                    "deposed": [],
                    "provider": ""
                },
                "null_resource.kube-master.1": {
                    "type": "null_resource",
                    "depends_on": [
                        "data.template_file.kube-apiserver",
                        "data.template_file.kube-controller-manager",
                        "data.template_file.kube-scheduler",
                        "data.template_file.kube-tokens",
                        "data.template_file.rclocal",
                        "null_resource.etcd",
                        "openstack_compute_instance_v2.kube-master",
                        "openstack_compute_instance_v2.kube-master",
                        "openstack_compute_instance_v2.kube-master",
                        "openstack_compute_instance_v2.kube-master",
                        "openstack_compute_instance_v2.kube-master",
                        "openstack_compute_instance_v2.kube-master",
                        "openstack_compute_instance_v2.kube-master",
                        "openstack_compute_instance_v2.kube-master",
                        "openstack_compute_instance_v2.lb",
                        "openstack_compute_instance_v2.lb",
                        "openstack_compute_instance_v2.lb",
                        "openstack_compute_instance_v2.lb",
                        "openstack_compute_instance_v2.lb",
                        "openstack_compute_instance_v2.lb",
                        "openstack_compute_instance_v2.lb",
                        "openstack_compute_instance_v2.lb"
                    ],
                    "primary": {
                        "id": "9053202637898834628",
                        "attributes": {
                            "id": "9053202637898834628"
                        },
                        "meta": {},
                        "tainted": false
                    },
                    "deposed": [],
                    "provider": ""
                },
                "null_resource.kube-master.2": {
                    "type": "null_resource",
                    "depends_on": [
                        "data.template_file.kube-apiserver",
                        "data.template_file.kube-controller-manager",
                        "data.template_file.kube-scheduler",
                        "data.template_file.kube-tokens",
                        "data.template_file.rclocal",
                        "null_resource.etcd",
                        "openstack_compute_instance_v2.kube-master",
                        "openstack_compute_instance_v2.kube-master",
                        "openstack_compute_instance_v2.kube-master",
                        "openstack_compute_instance_v2.kube-master",
                        "openstack_compute_instance_v2.kube-master",
                        "openstack_compute_instance_v2.kube-master",
                        "openstack_compute_instance_v2.kube-master",
                        "openstack_compute_instance_v2.kube-master",
                        "openstack_compute_instance_v2.lb",
                        "openstack_compute_instance_v2.lb",
                        "openstack_compute_instance_v2.lb",
                        "openstack_compute_instance_v2.lb",
                        "openstack_compute_instance_v2.lb",
                        "openstack_compute_instance_v2.lb",
                        "openstack_compute_instance_v2.lb",
                        "openstack_compute_instance_v2.lb"
                    ],
                    "primary": {
                        "id": "4092703576851360149",
                        "attributes": {
                            "id": "4092703576851360149"
                        },
                        "meta": {},
                        "tainted": false
                    },
                    "deposed": [],
                    "provider": ""
                },
                "null_resource.kube-workers.0": {
                    "type": "null_resource",
                    "depends_on": [
                        "data.template_file.cbr0",
                        "data.template_file.kube-proxy",
                        "data.template_file.kubeconfig",
                        "data.template_file.kubelet",
                        "null_resource.certs",
                        "null_resource.kube-master",
                        "openstack_compute_instance_v2.kube-worker",
                        "openstack_compute_instance_v2.kube-worker",
                        "openstack_compute_instance_v2.kube-worker",
                        "openstack_compute_instance_v2.kube-worker",
                        "openstack_compute_instance_v2.kube-worker",
                        "openstack_compute_instance_v2.kube-worker",
                        "openstack_compute_instance_v2.kube-worker",
                        "openstack_compute_instance_v2.kube-worker",
                        "openstack_compute_instance_v2.kube-worker",
                        "openstack_compute_instance_v2.kube-worker",
                        "openstack_compute_instance_v2.lb",
                        "openstack_compute_instance_v2.lb",
                        "openstack_compute_instance_v2.lb",
                        "openstack_compute_instance_v2.lb",
                        "openstack_compute_instance_v2.lb",
                        "openstack_compute_instance_v2.lb",
                        "openstack_compute_instance_v2.lb",
                        "openstack_compute_instance_v2.lb",
                        "openstack_compute_instance_v2.lb"
                    ],
                    "primary": {
                        "id": "3131754817350487431",
                        "attributes": {
                            "id": "3131754817350487431"
                        },
                        "meta": {},
                        "tainted": false
                    },
                    "deposed": [],
                    "provider": ""
                },
                "null_resource.kube-workers.1": {
                    "type": "null_resource",
                    "depends_on": [
                        "data.template_file.cbr0",
                        "data.template_file.kube-proxy",
                        "data.template_file.kubeconfig",
                        "data.template_file.kubelet",
                        "null_resource.certs",
                        "null_resource.kube-master",
                        "openstack_compute_instance_v2.kube-worker",
                        "openstack_compute_instance_v2.kube-worker",
                        "openstack_compute_instance_v2.kube-worker",
                        "openstack_compute_instance_v2.kube-worker",
                        "openstack_compute_instance_v2.kube-worker",
                        "openstack_compute_instance_v2.kube-worker",
                        "openstack_compute_instance_v2.kube-worker",
                        "openstack_compute_instance_v2.kube-worker",
                        "openstack_compute_instance_v2.kube-worker",
                        "openstack_compute_instance_v2.kube-worker",
                        "openstack_compute_instance_v2.lb",
                        "openstack_compute_instance_v2.lb",
                        "openstack_compute_instance_v2.lb",
                        "openstack_compute_instance_v2.lb",
                        "openstack_compute_instance_v2.lb",
                        "openstack_compute_instance_v2.lb",
                        "openstack_compute_instance_v2.lb",
                        "openstack_compute_instance_v2.lb",
                        "openstack_compute_instance_v2.lb"
                    ],
                    "primary": {
                        "id": "6459218839579655403",
                        "attributes": {
                            "id": "6459218839579655403"
                        },
                        "meta": {},
                        "tainted": false
                    },
                    "deposed": [],
                    "provider": ""
                },
                "null_resource.kube-workers.2": {
                    "type": "null_resource",
                    "depends_on": [
                        "data.template_file.cbr0",
                        "data.template_file.kube-proxy",
                        "data.template_file.kubeconfig",
                        "data.template_file.kubelet",
                        "null_resource.certs",
                        "null_resource.kube-master",
                        "openstack_compute_instance_v2.kube-worker",
                        "openstack_compute_instance_v2.kube-worker",
                        "openstack_compute_instance_v2.kube-worker",
                        "openstack_compute_instance_v2.kube-worker",
                        "openstack_compute_instance_v2.kube-worker",
                        "openstack_compute_instance_v2.kube-worker",
                        "openstack_compute_instance_v2.kube-worker",
                        "openstack_compute_instance_v2.kube-worker",
                        "openstack_compute_instance_v2.kube-worker",
                        "openstack_compute_instance_v2.kube-worker",
                        "openstack_compute_instance_v2.lb",
                        "openstack_compute_instance_v2.lb",
                        "openstack_compute_instance_v2.lb",
                        "openstack_compute_instance_v2.lb",
                        "openstack_compute_instance_v2.lb",
                        "openstack_compute_instance_v2.lb",
                        "openstack_compute_instance_v2.lb",
                        "openstack_compute_instance_v2.lb",
                        "openstack_compute_instance_v2.lb"
                    ],
                    "primary": {
                        "id": "5405276133823692353",
                        "attributes": {
                            "id": "5405276133823692353"
                        },
                        "meta": {},
                        "tainted": false
                    },
                    "deposed": [],
                    "provider": ""
                },
                "null_resource.kube-workers.3": {
                    "type": "null_resource",
                    "depends_on": [
                        "data.template_file.cbr0",
                        "data.template_file.kube-proxy",
                        "data.template_file.kubeconfig",
                        "data.template_file.kubelet",
                        "null_resource.certs",
                        "null_resource.kube-master",
                        "openstack_compute_instance_v2.kube-worker",
                        "openstack_compute_instance_v2.kube-worker",
                        "openstack_compute_instance_v2.kube-worker",
                        "openstack_compute_instance_v2.kube-worker",
                        "openstack_compute_instance_v2.kube-worker",
                        "openstack_compute_instance_v2.kube-worker",
                        "openstack_compute_instance_v2.kube-worker",
                        "openstack_compute_instance_v2.kube-worker",
                        "openstack_compute_instance_v2.kube-worker",
                        "openstack_compute_instance_v2.kube-worker",
                        "openstack_compute_instance_v2.lb",
                        "openstack_compute_instance_v2.lb",
                        "openstack_compute_instance_v2.lb",
                        "openstack_compute_instance_v2.lb",
                        "openstack_compute_instance_v2.lb",
                        "openstack_compute_instance_v2.lb",
                        "openstack_compute_instance_v2.lb",
                        "openstack_compute_instance_v2.lb",
                        "openstack_compute_instance_v2.lb"
                    ],
                    "primary": {
                        "id": "9122680290976224733",
                        "attributes": {
                            "id": "9122680290976224733"
                        },
                        "meta": {},
                        "tainted": false
                    },
                    "deposed": [],
                    "provider": ""
                },
                "null_resource.lb2": {
                    "type": "null_resource",
                    "depends_on": [
                        "data.template_file.nginx",
                        "data.template_file.nginx",
                        "null_resource.lbhosts",
                        "openstack_compute_instance_v2.lb",
                        "openstack_compute_instance_v2.lb",
                        "openstack_compute_instance_v2.lb",
                        "openstack_compute_instance_v2.lb"
                    ],
                    "primary": {
                        "id": "3566938737181804048",
                        "attributes": {
                            "id": "3566938737181804048"
                        },
                        "meta": {},
                        "tainted": false
                    },
                    "deposed": [],
                    "provider": ""
                },
                "null_resource.lbhosts": {
                    "type": "null_resource",
                    "depends_on": [
                        "openstack_compute_instance_v2.kube-master",
                        "openstack_compute_instance_v2.kube-worker",
                        "openstack_compute_instance_v2.lb"
                    ],
                    "primary": {
                        "id": "7290521261845072769",
                        "attributes": {
                            "id": "7290521261845072769"
                        },
                        "meta": {},
                        "tainted": false
                    },
                    "deposed": [],
                    "provider": ""
                },
                "openstack_compute_floatingip_v2.fip": {
                    "type": "openstack_compute_floatingip_v2",
                    "depends_on": [],
                    "primary": {
                        "id": "3b712515-b1a2-4145-9d41-7a87fb129c83",
                        "attributes": {
                            "address": "184.94.251.16",
                            "fixed_ip": "10.106.1.245",
                            "id": "3b712515-b1a2-4145-9d41-7a87fb129c83",
                            "instance_id": "53a5e06d-31f6-49b3-b732-06c3146a5e5b",
                            "pool": "PUBLIC DO NOT MODIFY",
                            "region": "RegionOne"
                        },
                        "meta": {},
                        "tainted": false
                    },
                    "deposed": [],
                    "provider": ""
                },
                "openstack_compute_instance_v2.kube-master.0": {
                    "type": "openstack_compute_instance_v2",
                    "depends_on": [],
                    "primary": {
                        "id": "2efbc109-c86c-45ca-b450-5f7036f29fb0",
                        "attributes": {
                            "access_ip_v4": "10.106.1.242",
                            "access_ip_v6": "",
                            "flavor_id": "e2f19640-e1f7-4165-b4a8-6bb4213520ee",
                            "flavor_name": "m1.large",
                            "id": "2efbc109-c86c-45ca-b450-5f7036f29fb0",
                            "image_id": "e95a49b3-afda-4bf5-a84d-2e5ad2819fd3",
                            "image_name": "ubuntu_1604_server_cloudimg_amd64",
                            "key_pair": "t5",
                            "metadata.%": "1",
                            "metadata.kube_role": "master",
                            "name": "kube-controller01",
                            "network.#": "1",
                            "network.0.access_network": "false",
                            "network.0.fixed_ip_v4": "10.106.1.242",
                            "network.0.fixed_ip_v6": "",
                            "network.0.floating_ip": "",
                            "network.0.mac": "fa:16:3e:c7:dd:b4",
                            "network.0.name": "pipeline",
                            "network.0.port": "",
                            "network.0.uuid": "b0c2ce4c-d706-4094-b7fb-243ddeada563",
                            "region": "RegionOne",
                            "security_groups.#": "1",
                            "security_groups.3814588639": "default",
                            "stop_before_destroy": "false",
                            "volume.#": "0"
                        },
                        "meta": {},
                        "tainted": false
                    },
                    "deposed": [],
                    "provider": ""
                },
                "openstack_compute_instance_v2.kube-master.1": {
                    "type": "openstack_compute_instance_v2",
                    "depends_on": [],
                    "primary": {
                        "id": "d36648a9-1274-4f32-8acc-e605ec706b93",
                        "attributes": {
                            "access_ip_v4": "10.106.1.238",
                            "access_ip_v6": "",
                            "flavor_id": "e2f19640-e1f7-4165-b4a8-6bb4213520ee",
                            "flavor_name": "m1.large",
                            "id": "d36648a9-1274-4f32-8acc-e605ec706b93",
                            "image_id": "e95a49b3-afda-4bf5-a84d-2e5ad2819fd3",
                            "image_name": "ubuntu_1604_server_cloudimg_amd64",
                            "key_pair": "t5",
                            "metadata.%": "1",
                            "metadata.kube_role": "master",
                            "name": "kube-controller02",
                            "network.#": "1",
                            "network.0.access_network": "false",
                            "network.0.fixed_ip_v4": "10.106.1.238",
                            "network.0.fixed_ip_v6": "",
                            "network.0.floating_ip": "",
                            "network.0.mac": "fa:16:3e:b2:0a:25",
                            "network.0.name": "pipeline",
                            "network.0.port": "",
                            "network.0.uuid": "b0c2ce4c-d706-4094-b7fb-243ddeada563",
                            "region": "RegionOne",
                            "security_groups.#": "1",
                            "security_groups.3814588639": "default",
                            "stop_before_destroy": "false",
                            "volume.#": "0"
                        },
                        "meta": {},
                        "tainted": false
                    },
                    "deposed": [],
                    "provider": ""
                },
                "openstack_compute_instance_v2.kube-master.2": {
                    "type": "openstack_compute_instance_v2",
                    "depends_on": [],
                    "primary": {
                        "id": "dc4f11d9-7a1b-4c81-8665-2187d82e9199",
                        "attributes": {
                            "access_ip_v4": "10.106.1.244",
                            "access_ip_v6": "",
                            "flavor_id": "e2f19640-e1f7-4165-b4a8-6bb4213520ee",
                            "flavor_name": "m1.large",
                            "id": "dc4f11d9-7a1b-4c81-8665-2187d82e9199",
                            "image_id": "e95a49b3-afda-4bf5-a84d-2e5ad2819fd3",
                            "image_name": "ubuntu_1604_server_cloudimg_amd64",
                            "key_pair": "t5",
                            "metadata.%": "1",
                            "metadata.kube_role": "master",
                            "name": "kube-controller03",
                            "network.#": "1",
                            "network.0.access_network": "false",
                            "network.0.fixed_ip_v4": "10.106.1.244",
                            "network.0.fixed_ip_v6": "",
                            "network.0.floating_ip": "",
                            "network.0.mac": "fa:16:3e:aa:d5:2b",
                            "network.0.name": "pipeline",
                            "network.0.port": "",
                            "network.0.uuid": "b0c2ce4c-d706-4094-b7fb-243ddeada563",
                            "region": "RegionOne",
                            "security_groups.#": "1",
                            "security_groups.3814588639": "default",
                            "stop_before_destroy": "false",
                            "volume.#": "0"
                        },
                        "meta": {},
                        "tainted": false
                    },
                    "deposed": [],
                    "provider": ""
                },
                "openstack_compute_instance_v2.kube-worker.0": {
                    "type": "openstack_compute_instance_v2",
                    "depends_on": [],
                    "primary": {
                        "id": "c95737a7-5f2f-43a0-a891-237f30917a28",
                        "attributes": {
                            "access_ip_v4": "10.106.1.240",
                            "access_ip_v6": "",
                            "flavor_id": "e2f19640-e1f7-4165-b4a8-6bb4213520ee",
                            "flavor_name": "m1.large",
                            "id": "c95737a7-5f2f-43a0-a891-237f30917a28",
                            "image_id": "e95a49b3-afda-4bf5-a84d-2e5ad2819fd3",
                            "image_name": "ubuntu_1604_server_cloudimg_amd64",
                            "key_pair": "t5",
                            "metadata.%": "2",
                            "metadata.kube_role": "worker",
                            "metadata.worker_number": "0",
                            "name": "kube-worker01",
                            "network.#": "1",
                            "network.0.access_network": "false",
                            "network.0.fixed_ip_v4": "10.106.1.240",
                            "network.0.fixed_ip_v6": "",
                            "network.0.floating_ip": "",
                            "network.0.mac": "fa:16:3e:5a:b3:84",
                            "network.0.name": "pipeline",
                            "network.0.port": "",
                            "network.0.uuid": "b0c2ce4c-d706-4094-b7fb-243ddeada563",
                            "region": "RegionOne",
                            "security_groups.#": "1",
                            "security_groups.3814588639": "default",
                            "stop_before_destroy": "false",
                            "volume.#": "0"
                        },
                        "meta": {},
                        "tainted": false
                    },
                    "deposed": [],
                    "provider": ""
                },
                "openstack_compute_instance_v2.kube-worker.1": {
                    "type": "openstack_compute_instance_v2",
                    "depends_on": [],
                    "primary": {
                        "id": "cfbdd385-7ef8-4ac5-bd66-9ab3f5f85ba3",
                        "attributes": {
                            "access_ip_v4": "10.106.1.243",
                            "access_ip_v6": "",
                            "flavor_id": "e2f19640-e1f7-4165-b4a8-6bb4213520ee",
                            "flavor_name": "m1.large",
                            "id": "cfbdd385-7ef8-4ac5-bd66-9ab3f5f85ba3",
                            "image_id": "e95a49b3-afda-4bf5-a84d-2e5ad2819fd3",
                            "image_name": "ubuntu_1604_server_cloudimg_amd64",
                            "key_pair": "t5",
                            "metadata.%": "2",
                            "metadata.kube_role": "worker",
                            "metadata.worker_number": "1",
                            "name": "kube-worker02",
                            "network.#": "1",
                            "network.0.access_network": "false",
                            "network.0.fixed_ip_v4": "10.106.1.243",
                            "network.0.fixed_ip_v6": "",
                            "network.0.floating_ip": "",
                            "network.0.mac": "fa:16:3e:6e:27:93",
                            "network.0.name": "pipeline",
                            "network.0.port": "",
                            "network.0.uuid": "b0c2ce4c-d706-4094-b7fb-243ddeada563",
                            "region": "RegionOne",
                            "security_groups.#": "1",
                            "security_groups.3814588639": "default",
                            "stop_before_destroy": "false",
                            "volume.#": "0"
                        },
                        "meta": {},
                        "tainted": false
                    },
                    "deposed": [],
                    "provider": ""
                },
                "openstack_compute_instance_v2.kube-worker.2": {
                    "type": "openstack_compute_instance_v2",
                    "depends_on": [],
                    "primary": {
                        "id": "3a2d06bc-07cb-44c4-886c-423e1f664feb",
                        "attributes": {
                            "access_ip_v4": "10.106.1.241",
                            "access_ip_v6": "",
                            "flavor_id": "e2f19640-e1f7-4165-b4a8-6bb4213520ee",
                            "flavor_name": "m1.large",
                            "id": "3a2d06bc-07cb-44c4-886c-423e1f664feb",
                            "image_id": "e95a49b3-afda-4bf5-a84d-2e5ad2819fd3",
                            "image_name": "ubuntu_1604_server_cloudimg_amd64",
                            "key_pair": "t5",
                            "metadata.%": "2",
                            "metadata.kube_role": "worker",
                            "metadata.worker_number": "2",
                            "name": "kube-worker03",
                            "network.#": "1",
                            "network.0.access_network": "false",
                            "network.0.fixed_ip_v4": "10.106.1.241",
                            "network.0.fixed_ip_v6": "",
                            "network.0.floating_ip": "",
                            "network.0.mac": "fa:16:3e:6b:59:51",
                            "network.0.name": "pipeline",
                            "network.0.port": "",
                            "network.0.uuid": "b0c2ce4c-d706-4094-b7fb-243ddeada563",
                            "region": "RegionOne",
                            "security_groups.#": "1",
                            "security_groups.3814588639": "default",
                            "stop_before_destroy": "false",
                            "volume.#": "0"
                        },
                        "meta": {},
                        "tainted": false
                    },
                    "deposed": [],
                    "provider": ""
                },
                "openstack_compute_instance_v2.kube-worker.3": {
                    "type": "openstack_compute_instance_v2",
                    "depends_on": [],
                    "primary": {
                        "id": "3506cdee-404f-4213-9f41-f96ddecf442e",
                        "attributes": {
                            "access_ip_v4": "10.106.1.239",
                            "access_ip_v6": "",
                            "flavor_id": "e2f19640-e1f7-4165-b4a8-6bb4213520ee",
                            "flavor_name": "m1.large",
                            "id": "3506cdee-404f-4213-9f41-f96ddecf442e",
                            "image_id": "e95a49b3-afda-4bf5-a84d-2e5ad2819fd3",
                            "image_name": "ubuntu_1604_server_cloudimg_amd64",
                            "key_pair": "t5",
                            "metadata.%": "2",
                            "metadata.kube_role": "worker",
                            "metadata.worker_number": "3",
                            "name": "kube-worker04",
                            "network.#": "1",
                            "network.0.access_network": "false",
                            "network.0.fixed_ip_v4": "10.106.1.239",
                            "network.0.fixed_ip_v6": "",
                            "network.0.floating_ip": "",
                            "network.0.mac": "fa:16:3e:ec:dd:6e",
                            "network.0.name": "pipeline",
                            "network.0.port": "",
                            "network.0.uuid": "b0c2ce4c-d706-4094-b7fb-243ddeada563",
                            "region": "RegionOne",
                            "security_groups.#": "1",
                            "security_groups.3814588639": "default",
                            "stop_before_destroy": "false",
                            "volume.#": "0"
                        },
                        "meta": {},
                        "tainted": false
                    },
                    "deposed": [],
                    "provider": ""
                },
                "openstack_compute_instance_v2.lb": {
                    "type": "openstack_compute_instance_v2",
                    "depends_on": [
                        "openstack_compute_floatingip_v2.fip"
                    ],
                    "primary": {
                        "id": "53a5e06d-31f6-49b3-b732-06c3146a5e5b",
                        "attributes": {
                            "access_ip_v4": "10.106.1.245",
                            "access_ip_v6": "",
                            "flavor_id": "e2f19640-e1f7-4165-b4a8-6bb4213520ee",
                            "flavor_name": "m1.large",
                            "id": "53a5e06d-31f6-49b3-b732-06c3146a5e5b",
                            "image_id": "e95a49b3-afda-4bf5-a84d-2e5ad2819fd3",
                            "image_name": "ubuntu_1604_server_cloudimg_amd64",
                            "key_pair": "t5",
                            "metadata.%": "1",
                            "metadata.kube_role": "lb",
                            "name": "nginx01",
                            "network.#": "1",
                            "network.0.access_network": "false",
                            "network.0.fixed_ip_v4": "10.106.1.245",
                            "network.0.fixed_ip_v6": "",
                            "network.0.floating_ip": "184.94.251.16",
                            "network.0.mac": "fa:16:3e:c0:8b:a9",
                            "network.0.name": "pipeline",
                            "network.0.port": "",
                            "network.0.uuid": "b0c2ce4c-d706-4094-b7fb-243ddeada563",
                            "region": "RegionOne",
                            "security_groups.#": "1",
                            "security_groups.3814588639": "default",
                            "stop_before_destroy": "false",
                            "volume.#": "0"
                        },
                        "meta": {},
                        "tainted": false
                    },
                    "deposed": [],
                    "provider": ""
                }
            },
            "depends_on": []
        }
    ]
}
